// !$*UTF8*$!
{
	archiveVersion = 1;
	classes = {
	};
	objectVersion = 46;
	objects = {

/* Begin PBXBuildFile section */
		DC3C30231CAB6AB60070BCB1 /* main.m in Sources */ = {isa = PBXBuildFile; fileRef = DC3C30221CAB6AB60070BCB1 /* main.m */; };
		DC3C30251CAB6AB60070BCB1 /* Assets.xcassets in Resources */ = {isa = PBXBuildFile; fileRef = DC3C30241CAB6AB60070BCB1 /* Assets.xcassets */; };
		DC3C30331CAB6AB60070BCB1 /* LogStoryTests.m in Sources */ = {isa = PBXBuildFile; fileRef = DC3C30321CAB6AB60070BCB1 /* LogStoryTests.m */; };
		DC3C303E1CAB6AB60070BCB1 /* LogStoryUITests.m in Sources */ = {isa = PBXBuildFile; fileRef = DC3C303D1CAB6AB60070BCB1 /* LogStoryUITests.m */; };
		DC3C304E1CAB6B0B0070BCB1 /* AppDelegate.m in Sources */ = {isa = PBXBuildFile; fileRef = DC3C304D1CAB6B0B0070BCB1 /* AppDelegate.m */; };
		DC3C30521CAB6B700070BCB1 /* MainMenu.xib in Resources */ = {isa = PBXBuildFile; fileRef = DC3C30511CAB6B700070BCB1 /* MainMenu.xib */; };
		DC3C305B1CAB7C050070BCB1 /* LSException.m in Sources */ = {isa = PBXBuildFile; fileRef = DC3C305A1CAB7C050070BCB1 /* LSException.m */; };
		DC3C306D1CAB958A0070BCB1 /* LSCaptureObject.m in Sources */ = {isa = PBXBuildFile; fileRef = DC3C306C1CAB958A0070BCB1 /* LSCaptureObject.m */; };
		DC3C30701CAB959F0070BCB1 /* LSConfigObject.m in Sources */ = {isa = PBXBuildFile; fileRef = DC3C306F1CAB959F0070BCB1 /* LSConfigObject.m */; };
		DC3C30761CABA0300070BCB1 /* LSRegexObject.m in Sources */ = {isa = PBXBuildFile; fileRef = DC3C30751CABA0300070BCB1 /* LSRegexObject.m */; };
		DC3C307A1CABB1DC0070BCB1 /* LSPair.m in Sources */ = {isa = PBXBuildFile; fileRef = DC3C30791CABB1DC0070BCB1 /* LSPair.m */; };
		DC3C307D1CABB28B0070BCB1 /* LSPairArray.m in Sources */ = {isa = PBXBuildFile; fileRef = DC3C307C1CABB28B0070BCB1 /* LSPairArray.m */; };
		DC3C30831CABDE330070BCB1 /* LSEventObject.m in Sources */ = {isa = PBXBuildFile; fileRef = DC3C30821CABDE330070BCB1 /* LSEventObject.m */; };
		DC3C30861CABDF3A0070BCB1 /* LSTimeObject.m in Sources */ = {isa = PBXBuildFile; fileRef = DC3C30851CABDF3A0070BCB1 /* LSTimeObject.m */; };
		DC3C30971CACC19D0070BCB1 /* LSXMLHelper.m in Sources */ = {isa = PBXBuildFile; fileRef = DC3C30961CACC19D0070BCB1 /* LSXMLHelper.m */; };
		DC3C309A1CACC4E90070BCB1 /* LSError.m in Sources */ = {isa = PBXBuildFile; fileRef = DC3C30991CACC4E90070BCB1 /* LSError.m */; };
		DC5CADC31CACEE890058A236 /* LSActionObject.m in Sources */ = {isa = PBXBuildFile; fileRef = DC5CADC21CACEE890058A236 /* LSActionObject.m */; };
		DC5CADC61CACF1FF0058A236 /* LSArgumentObject.m in Sources */ = {isa = PBXBuildFile; fileRef = DC5CADC51CACF1FF0058A236 /* LSArgumentObject.m */; };
		DC5CADCA1CAD21D80058A236 /* LSTypeObject.m in Sources */ = {isa = PBXBuildFile; fileRef = DC5CADC91CAD21D80058A236 /* LSTypeObject.m */; };
		DC5CADCD1CAD284F0058A236 /* LSFilterObject.m in Sources */ = {isa = PBXBuildFile; fileRef = DC5CADCC1CAD284F0058A236 /* LSFilterObject.m */; };
		DCC921E01CB34EFF0009681B /* LSConfigFile.m in Sources */ = {isa = PBXBuildFile; fileRef = DCC921D91CB34EFF0009681B /* LSConfigFile.m */; };
		DCC921E11CB34EFF0009681B /* LSEventFormatFile.m in Sources */ = {isa = PBXBuildFile; fileRef = DCC921DB1CB34EFF0009681B /* LSEventFormatFile.m */; };
		DCC921E21CB34EFF0009681B /* LSFileBase.m in Sources */ = {isa = PBXBuildFile; fileRef = DCC921DD1CB34EFF0009681B /* LSFileBase.m */; };
		DCC921E31CB34EFF0009681B /* LSLogFile.m in Sources */ = {isa = PBXBuildFile; fileRef = DCC921DF1CB34EFF0009681B /* LSLogFile.m */; };
		DCC921E71CB34F4A0009681B /* LSFunctionObject.m in Sources */ = {isa = PBXBuildFile; fileRef = DCC921E61CB34F4A0009681B /* LSFunctionObject.m */; };
		DCC921EA1CB3506A0009681B /* LSFunctionManager.m in Sources */ = {isa = PBXBuildFile; fileRef = DCC921E91CB3506A0009681B /* LSFunctionManager.m */; };
		DCC921EF1CB35AD80009681B /* LSMainViewController.m in Sources */ = {isa = PBXBuildFile; fileRef = DCC921EE1CB35AD80009681B /* LSMainViewController.m */; };
		DCC921F31CB35D770009681B /* LSWorkObject.m in Sources */ = {isa = PBXBuildFile; fileRef = DCC921F21CB35D770009681B /* LSWorkObject.m */; };
/* End PBXBuildFile section */

/* Begin PBXContainerItemProxy section */
		DC3C302F1CAB6AB60070BCB1 /* PBXContainerItemProxy */ = {
			isa = PBXContainerItemProxy;
			containerPortal = DC3C30131CAB6AB60070BCB1 /* Project object */;
			proxyType = 1;
			remoteGlobalIDString = DC3C301A1CAB6AB60070BCB1;
			remoteInfo = LogStory;
		};
		DC3C303A1CAB6AB60070BCB1 /* PBXContainerItemProxy */ = {
			isa = PBXContainerItemProxy;
			containerPortal = DC3C30131CAB6AB60070BCB1 /* Project object */;
			proxyType = 1;
			remoteGlobalIDString = DC3C301A1CAB6AB60070BCB1;
			remoteInfo = LogStory;
		};
/* End PBXContainerItemProxy section */

/* Begin PBXFileReference section */
		DC3C301B1CAB6AB60070BCB1 /* LogStory.app */ = {isa = PBXFileReference; explicitFileType = wrapper.application; includeInIndex = 0; path = LogStory.app; sourceTree = BUILT_PRODUCTS_DIR; };
		DC3C30221CAB6AB60070BCB1 /* main.m */ = {isa = PBXFileReference; lastKnownFileType = sourcecode.c.objc; path = main.m; sourceTree = "<group>"; };
		DC3C30241CAB6AB60070BCB1 /* Assets.xcassets */ = {isa = PBXFileReference; lastKnownFileType = folder.assetcatalog; path = Assets.xcassets; sourceTree = "<group>"; };
		DC3C30291CAB6AB60070BCB1 /* Info.plist */ = {isa = PBXFileReference; lastKnownFileType = text.plist.xml; path = Info.plist; sourceTree = "<group>"; };
		DC3C302E1CAB6AB60070BCB1 /* LogStoryTests.xctest */ = {isa = PBXFileReference; explicitFileType = wrapper.cfbundle; includeInIndex = 0; path = LogStoryTests.xctest; sourceTree = BUILT_PRODUCTS_DIR; };
		DC3C30321CAB6AB60070BCB1 /* LogStoryTests.m */ = {isa = PBXFileReference; lastKnownFileType = sourcecode.c.objc; path = LogStoryTests.m; sourceTree = "<group>"; };
		DC3C30341CAB6AB60070BCB1 /* Info.plist */ = {isa = PBXFileReference; lastKnownFileType = text.plist.xml; path = Info.plist; sourceTree = "<group>"; };
		DC3C30391CAB6AB60070BCB1 /* LogStoryUITests.xctest */ = {isa = PBXFileReference; explicitFileType = wrapper.cfbundle; includeInIndex = 0; path = LogStoryUITests.xctest; sourceTree = BUILT_PRODUCTS_DIR; };
		DC3C303D1CAB6AB60070BCB1 /* LogStoryUITests.m */ = {isa = PBXFileReference; lastKnownFileType = sourcecode.c.objc; path = LogStoryUITests.m; sourceTree = "<group>"; };
		DC3C303F1CAB6AB60070BCB1 /* Info.plist */ = {isa = PBXFileReference; lastKnownFileType = text.plist.xml; path = Info.plist; sourceTree = "<group>"; };
		DC3C304C1CAB6B0B0070BCB1 /* AppDelegate.h */ = {isa = PBXFileReference; fileEncoding = 4; lastKnownFileType = sourcecode.c.h; name = AppDelegate.h; path = "App Delegate/AppDelegate.h"; sourceTree = "<group>"; };
		DC3C304D1CAB6B0B0070BCB1 /* AppDelegate.m */ = {isa = PBXFileReference; fileEncoding = 4; lastKnownFileType = sourcecode.c.objc; name = AppDelegate.m; path = "App Delegate/AppDelegate.m"; sourceTree = "<group>"; };
		DC3C30511CAB6B700070BCB1 /* MainMenu.xib */ = {isa = PBXFileReference; fileEncoding = 4; lastKnownFileType = file.xib; name = MainMenu.xib; path = Resource/Nib/MainMenu.xib; sourceTree = "<group>"; };
		DC3C30591CAB7C050070BCB1 /* LSException.h */ = {isa = PBXFileReference; fileEncoding = 4; lastKnownFileType = sourcecode.c.h; name = LSException.h; path = Utility/Exception/LSException.h; sourceTree = "<group>"; };
		DC3C305A1CAB7C050070BCB1 /* LSException.m */ = {isa = PBXFileReference; fileEncoding = 4; lastKnownFileType = sourcecode.c.objc; name = LSException.m; path = Utility/Exception/LSException.m; sourceTree = "<group>"; };
		DC3C306B1CAB958A0070BCB1 /* LSCaptureObject.h */ = {isa = PBXFileReference; fileEncoding = 4; lastKnownFileType = sourcecode.c.h; name = LSCaptureObject.h; path = "Modal/Config Object/LSCaptureObject.h"; sourceTree = "<group>"; };
		DC3C306C1CAB958A0070BCB1 /* LSCaptureObject.m */ = {isa = PBXFileReference; fileEncoding = 4; lastKnownFileType = sourcecode.c.objc; name = LSCaptureObject.m; path = "Modal/Config Object/LSCaptureObject.m"; sourceTree = "<group>"; };
		DC3C306E1CAB959F0070BCB1 /* LSConfigObject.h */ = {isa = PBXFileReference; fileEncoding = 4; lastKnownFileType = sourcecode.c.h; name = LSConfigObject.h; path = "Modal/Config Object/LSConfigObject.h"; sourceTree = "<group>"; };
		DC3C306F1CAB959F0070BCB1 /* LSConfigObject.m */ = {isa = PBXFileReference; fileEncoding = 4; lastKnownFileType = sourcecode.c.objc; name = LSConfigObject.m; path = "Modal/Config Object/LSConfigObject.m"; sourceTree = "<group>"; };
		DC3C30741CABA0300070BCB1 /* LSRegexObject.h */ = {isa = PBXFileReference; fileEncoding = 4; lastKnownFileType = sourcecode.c.h; name = LSRegexObject.h; path = "Modal/Config Object/LSRegexObject.h"; sourceTree = "<group>"; };
		DC3C30751CABA0300070BCB1 /* LSRegexObject.m */ = {isa = PBXFileReference; fileEncoding = 4; lastKnownFileType = sourcecode.c.objc; name = LSRegexObject.m; path = "Modal/Config Object/LSRegexObject.m"; sourceTree = "<group>"; };
		DC3C30781CABB1DC0070BCB1 /* LSPair.h */ = {isa = PBXFileReference; fileEncoding = 4; lastKnownFileType = sourcecode.c.h; name = LSPair.h; path = Modal/KeyValuePair/LSPair.h; sourceTree = "<group>"; };
		DC3C30791CABB1DC0070BCB1 /* LSPair.m */ = {isa = PBXFileReference; fileEncoding = 4; lastKnownFileType = sourcecode.c.objc; name = LSPair.m; path = Modal/KeyValuePair/LSPair.m; sourceTree = "<group>"; };
		DC3C307B1CABB28B0070BCB1 /* LSPairArray.h */ = {isa = PBXFileReference; fileEncoding = 4; lastKnownFileType = sourcecode.c.h; name = LSPairArray.h; path = Modal/KeyValuePair/LSPairArray.h; sourceTree = "<group>"; };
		DC3C307C1CABB28B0070BCB1 /* LSPairArray.m */ = {isa = PBXFileReference; fileEncoding = 4; lastKnownFileType = sourcecode.c.objc; name = LSPairArray.m; path = Modal/KeyValuePair/LSPairArray.m; sourceTree = "<group>"; };
		DC3C30811CABDE330070BCB1 /* LSEventObject.h */ = {isa = PBXFileReference; fileEncoding = 4; lastKnownFileType = sourcecode.c.h; name = LSEventObject.h; path = "Modal/Config Object/LSEventObject.h"; sourceTree = "<group>"; };
		DC3C30821CABDE330070BCB1 /* LSEventObject.m */ = {isa = PBXFileReference; fileEncoding = 4; lastKnownFileType = sourcecode.c.objc; name = LSEventObject.m; path = "Modal/Config Object/LSEventObject.m"; sourceTree = "<group>"; };
		DC3C30841CABDF3A0070BCB1 /* LSTimeObject.h */ = {isa = PBXFileReference; fileEncoding = 4; lastKnownFileType = sourcecode.c.h; name = LSTimeObject.h; path = "Modal/Config Object/LSTimeObject.h"; sourceTree = "<group>"; };
		DC3C30851CABDF3A0070BCB1 /* LSTimeObject.m */ = {isa = PBXFileReference; fileEncoding = 4; lastKnownFileType = sourcecode.c.objc; name = LSTimeObject.m; path = "Modal/Config Object/LSTimeObject.m"; sourceTree = "<group>"; };
		DC3C30951CACC19D0070BCB1 /* LSXMLHelper.h */ = {isa = PBXFileReference; fileEncoding = 4; lastKnownFileType = sourcecode.c.h; name = LSXMLHelper.h; path = Utility/XML/LSXMLHelper.h; sourceTree = "<group>"; };
		DC3C30961CACC19D0070BCB1 /* LSXMLHelper.m */ = {isa = PBXFileReference; fileEncoding = 4; lastKnownFileType = sourcecode.c.objc; name = LSXMLHelper.m; path = Utility/XML/LSXMLHelper.m; sourceTree = "<group>"; };
		DC3C30981CACC4E90070BCB1 /* LSError.h */ = {isa = PBXFileReference; fileEncoding = 4; lastKnownFileType = sourcecode.c.h; name = LSError.h; path = Utility/Exception/LSError.h; sourceTree = "<group>"; };
		DC3C30991CACC4E90070BCB1 /* LSError.m */ = {isa = PBXFileReference; fileEncoding = 4; lastKnownFileType = sourcecode.c.objc; name = LSError.m; path = Utility/Exception/LSError.m; sourceTree = "<group>"; };
		DC5CADC11CACEE890058A236 /* LSActionObject.h */ = {isa = PBXFileReference; fileEncoding = 4; lastKnownFileType = sourcecode.c.h; name = LSActionObject.h; path = "Modal/Config Object/LSActionObject.h"; sourceTree = "<group>"; };
		DC5CADC21CACEE890058A236 /* LSActionObject.m */ = {isa = PBXFileReference; fileEncoding = 4; lastKnownFileType = sourcecode.c.objc; name = LSActionObject.m; path = "Modal/Config Object/LSActionObject.m"; sourceTree = "<group>"; };
		DC5CADC41CACF1FF0058A236 /* LSArgumentObject.h */ = {isa = PBXFileReference; fileEncoding = 4; lastKnownFileType = sourcecode.c.h; name = LSArgumentObject.h; path = "Modal/Config Object/LSArgumentObject.h"; sourceTree = "<group>"; };
		DC5CADC51CACF1FF0058A236 /* LSArgumentObject.m */ = {isa = PBXFileReference; fileEncoding = 4; lastKnownFileType = sourcecode.c.objc; name = LSArgumentObject.m; path = "Modal/Config Object/LSArgumentObject.m"; sourceTree = "<group>"; };
		DC5CADC81CAD21D80058A236 /* LSTypeObject.h */ = {isa = PBXFileReference; fileEncoding = 4; lastKnownFileType = sourcecode.c.h; name = LSTypeObject.h; path = "Modal/Type Object/LSTypeObject.h"; sourceTree = "<group>"; };
		DC5CADC91CAD21D80058A236 /* LSTypeObject.m */ = {isa = PBXFileReference; fileEncoding = 4; lastKnownFileType = sourcecode.c.objc; name = LSTypeObject.m; path = "Modal/Type Object/LSTypeObject.m"; sourceTree = "<group>"; };
		DC5CADCB1CAD284F0058A236 /* LSFilterObject.h */ = {isa = PBXFileReference; fileEncoding = 4; lastKnownFileType = sourcecode.c.h; name = LSFilterObject.h; path = "Modal/Config Object/LSFilterObject.h"; sourceTree = "<group>"; };
		DC5CADCC1CAD284F0058A236 /* LSFilterObject.m */ = {isa = PBXFileReference; fileEncoding = 4; lastKnownFileType = sourcecode.c.objc; name = LSFilterObject.m; path = "Modal/Config Object/LSFilterObject.m"; sourceTree = "<group>"; };
		DCC921D81CB34EFF0009681B /* LSConfigFile.h */ = {isa = PBXFileReference; fileEncoding = 4; lastKnownFileType = sourcecode.c.h; name = LSConfigFile.h; path = "Modal/File Object/LSConfigFile.h"; sourceTree = "<group>"; };
		DCC921D91CB34EFF0009681B /* LSConfigFile.m */ = {isa = PBXFileReference; fileEncoding = 4; lastKnownFileType = sourcecode.c.objc; name = LSConfigFile.m; path = "Modal/File Object/LSConfigFile.m"; sourceTree = "<group>"; };
		DCC921DA1CB34EFF0009681B /* LSEventFormatFile.h */ = {isa = PBXFileReference; fileEncoding = 4; lastKnownFileType = sourcecode.c.h; name = LSEventFormatFile.h; path = "Modal/File Object/LSEventFormatFile.h"; sourceTree = "<group>"; };
		DCC921DB1CB34EFF0009681B /* LSEventFormatFile.m */ = {isa = PBXFileReference; fileEncoding = 4; lastKnownFileType = sourcecode.c.objc; name = LSEventFormatFile.m; path = "Modal/File Object/LSEventFormatFile.m"; sourceTree = "<group>"; };
		DCC921DC1CB34EFF0009681B /* LSFileBase.h */ = {isa = PBXFileReference; fileEncoding = 4; lastKnownFileType = sourcecode.c.h; name = LSFileBase.h; path = "Modal/File Object/LSFileBase.h"; sourceTree = "<group>"; };
		DCC921DD1CB34EFF0009681B /* LSFileBase.m */ = {isa = PBXFileReference; fileEncoding = 4; lastKnownFileType = sourcecode.c.objc; name = LSFileBase.m; path = "Modal/File Object/LSFileBase.m"; sourceTree = "<group>"; };
		DCC921DE1CB34EFF0009681B /* LSLogFile.h */ = {isa = PBXFileReference; fileEncoding = 4; lastKnownFileType = sourcecode.c.h; name = LSLogFile.h; path = "Modal/File Object/LSLogFile.h"; sourceTree = "<group>"; };
		DCC921DF1CB34EFF0009681B /* LSLogFile.m */ = {isa = PBXFileReference; fileEncoding = 4; lastKnownFileType = sourcecode.c.objc; name = LSLogFile.m; path = "Modal/File Object/LSLogFile.m"; sourceTree = "<group>"; };
		DCC921E51CB34F4A0009681B /* LSFunctionObject.h */ = {isa = PBXFileReference; fileEncoding = 4; lastKnownFileType = sourcecode.c.h; name = LSFunctionObject.h; path = "Modal/Function Object/LSFunctionObject.h"; sourceTree = "<group>"; };
		DCC921E61CB34F4A0009681B /* LSFunctionObject.m */ = {isa = PBXFileReference; fileEncoding = 4; lastKnownFileType = sourcecode.c.objc; name = LSFunctionObject.m; path = "Modal/Function Object/LSFunctionObject.m"; sourceTree = "<group>"; };
		DCC921E81CB3506A0009681B /* LSFunctionManager.h */ = {isa = PBXFileReference; fileEncoding = 4; lastKnownFileType = sourcecode.c.h; name = LSFunctionManager.h; path = "Modal/Function Object/LSFunctionManager.h"; sourceTree = "<group>"; };
		DCC921E91CB3506A0009681B /* LSFunctionManager.m */ = {isa = PBXFileReference; fileEncoding = 4; lastKnownFileType = sourcecode.c.objc; name = LSFunctionManager.m; path = "Modal/Function Object/LSFunctionManager.m"; sourceTree = "<group>"; };
		DCC921ED1CB35AD80009681B /* LSMainViewController.h */ = {isa = PBXFileReference; fileEncoding = 4; lastKnownFileType = sourcecode.c.h; name = LSMainViewController.h; path = "Controller/View Controller/LSMainViewController.h"; sourceTree = "<group>"; };
		DCC921EE1CB35AD80009681B /* LSMainViewController.m */ = {isa = PBXFileReference; fileEncoding = 4; lastKnownFileType = sourcecode.c.objc; name = LSMainViewController.m; path = "Controller/View Controller/LSMainViewController.m"; sourceTree = "<group>"; };
		DCC921F11CB35D770009681B /* LSWorkObject.h */ = {isa = PBXFileReference; fileEncoding = 4; lastKnownFileType = sourcecode.c.h; name = LSWorkObject.h; path = "Modal/Work Object/LSWorkObject.h"; sourceTree = "<group>"; };
		DCC921F21CB35D770009681B /* LSWorkObject.m */ = {isa = PBXFileReference; fileEncoding = 4; lastKnownFileType = sourcecode.c.objc; name = LSWorkObject.m; path = "Modal/Work Object/LSWorkObject.m"; sourceTree = "<group>"; };
/* End PBXFileReference section */

/* Begin PBXFrameworksBuildPhase section */
		DC3C30181CAB6AB60070BCB1 /* Frameworks */ = {
			isa = PBXFrameworksBuildPhase;
			buildActionMask = 2147483647;
			files = (
			);
			runOnlyForDeploymentPostprocessing = 0;
		};
		DC3C302B1CAB6AB60070BCB1 /* Frameworks */ = {
			isa = PBXFrameworksBuildPhase;
			buildActionMask = 2147483647;
			files = (
			);
			runOnlyForDeploymentPostprocessing = 0;
		};
		DC3C30361CAB6AB60070BCB1 /* Frameworks */ = {
			isa = PBXFrameworksBuildPhase;
			buildActionMask = 2147483647;
			files = (
			);
			runOnlyForDeploymentPostprocessing = 0;
		};
/* End PBXFrameworksBuildPhase section */

/* Begin PBXGroup section */
		DC3C30121CAB6AB60070BCB1 = {
			isa = PBXGroup;
			children = (
				DC3C301D1CAB6AB60070BCB1 /* LogStory */,
				DC3C30311CAB6AB60070BCB1 /* LogStoryTests */,
				DC3C303C1CAB6AB60070BCB1 /* LogStoryUITests */,
				DC3C301C1CAB6AB60070BCB1 /* Products */,
			);
			sourceTree = "<group>";
		};
		DC3C301C1CAB6AB60070BCB1 /* Products */ = {
			isa = PBXGroup;
			children = (
				DC3C301B1CAB6AB60070BCB1 /* LogStory.app */,
				DC3C302E1CAB6AB60070BCB1 /* LogStoryTests.xctest */,
				DC3C30391CAB6AB60070BCB1 /* LogStoryUITests.xctest */,
			);
			name = Products;
			sourceTree = "<group>";
		};
		DC3C301D1CAB6AB60070BCB1 /* LogStory */ = {
			isa = PBXGroup;
			children = (
				DCC921EB1CB35AB80009681B /* Controller */,
				DC3C30571CAB7BEC0070BCB1 /* Utility */,
				DC3C30531CAB6B8D0070BCB1 /* Modal */,
				DC3C304B1CAB6B000070BCB1 /* App Delegate */,
				DC3C304F1CAB6B480070BCB1 /* Resource */,
				DC3C30211CAB6AB60070BCB1 /* Supporting Files */,
			);
			path = LogStory;
			sourceTree = "<group>";
		};
		DC3C30211CAB6AB60070BCB1 /* Supporting Files */ = {
			isa = PBXGroup;
			children = (
				DC3C30241CAB6AB60070BCB1 /* Assets.xcassets */,
				DC3C30291CAB6AB60070BCB1 /* Info.plist */,
				DC3C30221CAB6AB60070BCB1 /* main.m */,
			);
			name = "Supporting Files";
			sourceTree = "<group>";
		};
		DC3C30311CAB6AB60070BCB1 /* LogStoryTests */ = {
			isa = PBXGroup;
			children = (
				DC3C30321CAB6AB60070BCB1 /* LogStoryTests.m */,
				DC3C30341CAB6AB60070BCB1 /* Info.plist */,
			);
			path = LogStoryTests;
			sourceTree = "<group>";
		};
		DC3C303C1CAB6AB60070BCB1 /* LogStoryUITests */ = {
			isa = PBXGroup;
			children = (
				DC3C303D1CAB6AB60070BCB1 /* LogStoryUITests.m */,
				DC3C303F1CAB6AB60070BCB1 /* Info.plist */,
			);
			path = LogStoryUITests;
			sourceTree = "<group>";
		};
		DC3C304B1CAB6B000070BCB1 /* App Delegate */ = {
			isa = PBXGroup;
			children = (
				DC3C304C1CAB6B0B0070BCB1 /* AppDelegate.h */,
				DC3C304D1CAB6B0B0070BCB1 /* AppDelegate.m */,
			);
			name = "App Delegate";
			sourceTree = "<group>";
		};
		DC3C304F1CAB6B480070BCB1 /* Resource */ = {
			isa = PBXGroup;
			children = (
				DC3C30501CAB6B4F0070BCB1 /* Nib */,
			);
			name = Resource;
			sourceTree = "<group>";
		};
		DC3C30501CAB6B4F0070BCB1 /* Nib */ = {
			isa = PBXGroup;
			children = (
				DC3C30511CAB6B700070BCB1 /* MainMenu.xib */,
			);
			name = Nib;
			sourceTree = "<group>";
		};
		DC3C30531CAB6B8D0070BCB1 /* Modal */ = {
			isa = PBXGroup;
			children = (
				DC3C30771CABB1C00070BCB1 /* KeyValuePair */,
				DC3C306A1CAB957B0070BCB1 /* Config Object */,
				DC5CADC71CAD21C10058A236 /* Type Object */,
				DC3C30871CACB5A40070BCB1 /* File Object */,
				DCC921E41CB34F330009681B /* Function Object */,
				DCC921F01CB35D5D0009681B /* Work Object */,
			);
			name = Modal;
			sourceTree = "<group>";
		};
		DC3C30571CAB7BEC0070BCB1 /* Utility */ = {
			isa = PBXGroup;
			children = (
				DC3C30941CACC1880070BCB1 /* XML */,
				DC3C30581CAB7BF10070BCB1 /* Exception */,
			);
			name = Utility;
			sourceTree = "<group>";
		};
		DC3C30581CAB7BF10070BCB1 /* Exception */ = {
			isa = PBXGroup;
			children = (
				DC3C30591CAB7C050070BCB1 /* LSException.h */,
				DC3C305A1CAB7C050070BCB1 /* LSException.m */,
				DC3C30981CACC4E90070BCB1 /* LSError.h */,
				DC3C30991CACC4E90070BCB1 /* LSError.m */,
			);
			name = Exception;
			sourceTree = "<group>";
		};
		DC3C306A1CAB957B0070BCB1 /* Config Object */ = {
			isa = PBXGroup;
			children = (
				DC3C306E1CAB959F0070BCB1 /* LSConfigObject.h */,
				DC3C306F1CAB959F0070BCB1 /* LSConfigObject.m */,
				DC3C306B1CAB958A0070BCB1 /* LSCaptureObject.h */,
				DC3C306C1CAB958A0070BCB1 /* LSCaptureObject.m */,
				DC3C30741CABA0300070BCB1 /* LSRegexObject.h */,
				DC3C30751CABA0300070BCB1 /* LSRegexObject.m */,
				DC3C30841CABDF3A0070BCB1 /* LSTimeObject.h */,
				DC3C30851CABDF3A0070BCB1 /* LSTimeObject.m */,
				DC3C30811CABDE330070BCB1 /* LSEventObject.h */,
				DC3C30821CABDE330070BCB1 /* LSEventObject.m */,
				DC5CADC41CACF1FF0058A236 /* LSArgumentObject.h */,
				DC5CADC51CACF1FF0058A236 /* LSArgumentObject.m */,
				DC5CADC11CACEE890058A236 /* LSActionObject.h */,
				DC5CADC21CACEE890058A236 /* LSActionObject.m */,
				DC5CADCB1CAD284F0058A236 /* LSFilterObject.h */,
				DC5CADCC1CAD284F0058A236 /* LSFilterObject.m */,
			);
			name = "Config Object";
			sourceTree = "<group>";
		};
		DC3C30771CABB1C00070BCB1 /* KeyValuePair */ = {
			isa = PBXGroup;
			children = (
				DC3C30781CABB1DC0070BCB1 /* LSPair.h */,
				DC3C30791CABB1DC0070BCB1 /* LSPair.m */,
				DC3C307B1CABB28B0070BCB1 /* LSPairArray.h */,
				DC3C307C1CABB28B0070BCB1 /* LSPairArray.m */,
			);
			name = KeyValuePair;
			sourceTree = "<group>";
		};
		DC3C30871CACB5A40070BCB1 /* File Object */ = {
			isa = PBXGroup;
			children = (
				DCC921DC1CB34EFF0009681B /* LSFileBase.h */,
				DCC921DD1CB34EFF0009681B /* LSFileBase.m */,
				DCC921DE1CB34EFF0009681B /* LSLogFile.h */,
				DCC921DF1CB34EFF0009681B /* LSLogFile.m */,
				DCC921D81CB34EFF0009681B /* LSConfigFile.h */,
				DCC921D91CB34EFF0009681B /* LSConfigFile.m */,
				DCC921DA1CB34EFF0009681B /* LSEventFormatFile.h */,
				DCC921DB1CB34EFF0009681B /* LSEventFormatFile.m */,
			);
			name = "File Object";
			sourceTree = "<group>";
		};
		DC3C30941CACC1880070BCB1 /* XML */ = {
			isa = PBXGroup;
			children = (
				DC3C30951CACC19D0070BCB1 /* LSXMLHelper.h */,
				DC3C30961CACC19D0070BCB1 /* LSXMLHelper.m */,
			);
			name = XML;
			sourceTree = "<group>";
		};
		DC5CADC71CAD21C10058A236 /* Type Object */ = {
			isa = PBXGroup;
			children = (
				DC5CADC81CAD21D80058A236 /* LSTypeObject.h */,
				DC5CADC91CAD21D80058A236 /* LSTypeObject.m */,
			);
			name = "Type Object";
			sourceTree = "<group>";
		};
		DCC921E41CB34F330009681B /* Function Object */ = {
			isa = PBXGroup;
			children = (
				DCC921E51CB34F4A0009681B /* LSFunctionObject.h */,
				DCC921E61CB34F4A0009681B /* LSFunctionObject.m */,
				DCC921E81CB3506A0009681B /* LSFunctionManager.h */,
				DCC921E91CB3506A0009681B /* LSFunctionManager.m */,
			);
			name = "Function Object";
			sourceTree = "<group>";
		};
		DCC921EB1CB35AB80009681B /* Controller */ = {
			isa = PBXGroup;
			children = (
				DCC921EC1CB35ABE0009681B /* View Controller */,
			);
			name = Controller;
			sourceTree = "<group>";
		};
		DCC921EC1CB35ABE0009681B /* View Controller */ = {
			isa = PBXGroup;
			children = (
				DCC921ED1CB35AD80009681B /* LSMainViewController.h */,
				DCC921EE1CB35AD80009681B /* LSMainViewController.m */,
			);
			name = "View Controller";
			sourceTree = "<group>";
		};
		DCC921F01CB35D5D0009681B /* Work Object */ = {
			isa = PBXGroup;
			children = (
				DCC921F11CB35D770009681B /* LSWorkObject.h */,
				DCC921F21CB35D770009681B /* LSWorkObject.m */,
			);
			name = "Work Object";
			sourceTree = "<group>";
		};
/* End PBXGroup section */

/* Begin PBXNativeTarget section */
		DC3C301A1CAB6AB60070BCB1 /* LogStory */ = {
			isa = PBXNativeTarget;
			buildConfigurationList = DC3C30421CAB6AB60070BCB1 /* Build configuration list for PBXNativeTarget "LogStory" */;
			buildPhases = (
				DC3C30171CAB6AB60070BCB1 /* Sources */,
				DC3C30181CAB6AB60070BCB1 /* Frameworks */,
				DC3C30191CAB6AB60070BCB1 /* Resources */,
			);
			buildRules = (
			);
			dependencies = (
			);
			name = LogStory;
			productName = LogStory;
			productReference = DC3C301B1CAB6AB60070BCB1 /* LogStory.app */;
			productType = "com.apple.product-type.application";
		};
		DC3C302D1CAB6AB60070BCB1 /* LogStoryTests */ = {
			isa = PBXNativeTarget;
			buildConfigurationList = DC3C30451CAB6AB60070BCB1 /* Build configuration list for PBXNativeTarget "LogStoryTests" */;
			buildPhases = (
				DC3C302A1CAB6AB60070BCB1 /* Sources */,
				DC3C302B1CAB6AB60070BCB1 /* Frameworks */,
				DC3C302C1CAB6AB60070BCB1 /* Resources */,
			);
			buildRules = (
			);
			dependencies = (
				DC3C30301CAB6AB60070BCB1 /* PBXTargetDependency */,
			);
			name = LogStoryTests;
			productName = LogStoryTests;
			productReference = DC3C302E1CAB6AB60070BCB1 /* LogStoryTests.xctest */;
			productType = "com.apple.product-type.bundle.unit-test";
		};
		DC3C30381CAB6AB60070BCB1 /* LogStoryUITests */ = {
			isa = PBXNativeTarget;
			buildConfigurationList = DC3C30481CAB6AB60070BCB1 /* Build configuration list for PBXNativeTarget "LogStoryUITests" */;
			buildPhases = (
				DC3C30351CAB6AB60070BCB1 /* Sources */,
				DC3C30361CAB6AB60070BCB1 /* Frameworks */,
				DC3C30371CAB6AB60070BCB1 /* Resources */,
			);
			buildRules = (
			);
			dependencies = (
				DC3C303B1CAB6AB60070BCB1 /* PBXTargetDependency */,
			);
			name = LogStoryUITests;
			productName = LogStoryUITests;
			productReference = DC3C30391CAB6AB60070BCB1 /* LogStoryUITests.xctest */;
			productType = "com.apple.product-type.bundle.ui-testing";
		};
/* End PBXNativeTarget section */

/* Begin PBXProject section */
		DC3C30131CAB6AB60070BCB1 /* Project object */ = {
			isa = PBXProject;
			attributes = {
				LastUpgradeCheck = 0710;
				ORGANIZATIONNAME = "Gordon Xin";
				TargetAttributes = {
					DC3C301A1CAB6AB60070BCB1 = {
						CreatedOnToolsVersion = 7.1.1;
					};
					DC3C302D1CAB6AB60070BCB1 = {
						CreatedOnToolsVersion = 7.1.1;
						TestTargetID = DC3C301A1CAB6AB60070BCB1;
					};
					DC3C30381CAB6AB60070BCB1 = {
						CreatedOnToolsVersion = 7.1.1;
						TestTargetID = DC3C301A1CAB6AB60070BCB1;
					};
				};
			};
			buildConfigurationList = DC3C30161CAB6AB60070BCB1 /* Build configuration list for PBXProject "LogStory" */;
			compatibilityVersion = "Xcode 3.2";
			developmentRegion = English;
			hasScannedForEncodings = 0;
			knownRegions = (
				en,
				Base,
			);
			mainGroup = DC3C30121CAB6AB60070BCB1;
			productRefGroup = DC3C301C1CAB6AB60070BCB1 /* Products */;
			projectDirPath = "";
			projectRoot = "";
			targets = (
				DC3C301A1CAB6AB60070BCB1 /* LogStory */,
				DC3C302D1CAB6AB60070BCB1 /* LogStoryTests */,
				DC3C30381CAB6AB60070BCB1 /* LogStoryUITests */,
			);
		};
/* End PBXProject section */

/* Begin PBXResourcesBuildPhase section */
		DC3C30191CAB6AB60070BCB1 /* Resources */ = {
			isa = PBXResourcesBuildPhase;
			buildActionMask = 2147483647;
			files = (
				DC3C30251CAB6AB60070BCB1 /* Assets.xcassets in Resources */,
				DC3C30521CAB6B700070BCB1 /* MainMenu.xib in Resources */,
			);
			runOnlyForDeploymentPostprocessing = 0;
		};
		DC3C302C1CAB6AB60070BCB1 /* Resources */ = {
			isa = PBXResourcesBuildPhase;
			buildActionMask = 2147483647;
			files = (
			);
			runOnlyForDeploymentPostprocessing = 0;
		};
		DC3C30371CAB6AB60070BCB1 /* Resources */ = {
			isa = PBXResourcesBuildPhase;
			buildActionMask = 2147483647;
			files = (
			);
			runOnlyForDeploymentPostprocessing = 0;
		};
/* End PBXResourcesBuildPhase section */

/* Begin PBXSourcesBuildPhase section */
		DC3C30171CAB6AB60070BCB1 /* Sources */ = {
			isa = PBXSourcesBuildPhase;
			buildActionMask = 2147483647;
			files = (
				DC3C304E1CAB6B0B0070BCB1 /* AppDelegate.m in Sources */,
				DCC921E21CB34EFF0009681B /* LSFileBase.m in Sources */,
				DC3C306D1CAB958A0070BCB1 /* LSCaptureObject.m in Sources */,
				DC3C30761CABA0300070BCB1 /* LSRegexObject.m in Sources */,
				DC3C30831CABDE330070BCB1 /* LSEventObject.m in Sources */,
				DC3C307D1CABB28B0070BCB1 /* LSPairArray.m in Sources */,
				DCC921E71CB34F4A0009681B /* LSFunctionObject.m in Sources */,
				DC5CADCA1CAD21D80058A236 /* LSTypeObject.m in Sources */,
				DCC921EF1CB35AD80009681B /* LSMainViewController.m in Sources */,
				DCC921E31CB34EFF0009681B /* LSLogFile.m in Sources */,
				DCC921E11CB34EFF0009681B /* LSEventFormatFile.m in Sources */,
				DC3C30971CACC19D0070BCB1 /* LSXMLHelper.m in Sources */,
				DC3C307A1CABB1DC0070BCB1 /* LSPair.m in Sources */,
				DCC921EA1CB3506A0009681B /* LSFunctionManager.m in Sources */,
				DC3C30701CAB959F0070BCB1 /* LSConfigObject.m in Sources */,
				DC3C30861CABDF3A0070BCB1 /* LSTimeObject.m in Sources */,
				DC3C309A1CACC4E90070BCB1 /* LSError.m in Sources */,
				DC5CADC31CACEE890058A236 /* LSActionObject.m in Sources */,
				DCC921F31CB35D770009681B /* LSWorkObject.m in Sources */,
				DC3C30231CAB6AB60070BCB1 /* main.m in Sources */,
				DCC921E01CB34EFF0009681B /* LSConfigFile.m in Sources */,
				DC3C305B1CAB7C050070BCB1 /* LSException.m in Sources */,
				DC5CADC61CACF1FF0058A236 /* LSArgumentObject.m in Sources */,
				DC5CADCD1CAD284F0058A236 /* LSFilterObject.m in Sources */,
			);
			runOnlyForDeploymentPostprocessing = 0;
		};
		DC3C302A1CAB6AB60070BCB1 /* Sources */ = {
			isa = PBXSourcesBuildPhase;
			buildActionMask = 2147483647;
			files = (
				DC3C30331CAB6AB60070BCB1 /* LogStoryTests.m in Sources */,
			);
			runOnlyForDeploymentPostprocessing = 0;
		};
		DC3C30351CAB6AB60070BCB1 /* Sources */ = {
			isa = PBXSourcesBuildPhase;
			buildActionMask = 2147483647;
			files = (
				DC3C303E1CAB6AB60070BCB1 /* LogStoryUITests.m in Sources */,
			);
			runOnlyForDeploymentPostprocessing = 0;
		};
/* End PBXSourcesBuildPhase section */

/* Begin PBXTargetDependency section */
		DC3C30301CAB6AB60070BCB1 /* PBXTargetDependency */ = {
			isa = PBXTargetDependency;
			target = DC3C301A1CAB6AB60070BCB1 /* LogStory */;
			targetProxy = DC3C302F1CAB6AB60070BCB1 /* PBXContainerItemProxy */;
		};
		DC3C303B1CAB6AB60070BCB1 /* PBXTargetDependency */ = {
			isa = PBXTargetDependency;
			target = DC3C301A1CAB6AB60070BCB1 /* LogStory */;
			targetProxy = DC3C303A1CAB6AB60070BCB1 /* PBXContainerItemProxy */;
		};
/* End PBXTargetDependency section */

/* Begin XCBuildConfiguration section */
		DC3C30401CAB6AB60070BCB1 /* Debug */ = {
			isa = XCBuildConfiguration;
			buildSettings = {
				ALWAYS_SEARCH_USER_PATHS = NO;
				CLANG_CXX_LANGUAGE_STANDARD = "gnu++0x";
				CLANG_CXX_LIBRARY = "libc++";
				CLANG_ENABLE_MODULES = YES;
				CLANG_ENABLE_OBJC_ARC = YES;
				CLANG_WARN_BOOL_CONVERSION = YES;
				CLANG_WARN_CONSTANT_CONVERSION = YES;
				CLANG_WARN_DIRECT_OBJC_ISA_USAGE = YES_ERROR;
				CLANG_WARN_EMPTY_BODY = YES;
				CLANG_WARN_ENUM_CONVERSION = YES;
				CLANG_WARN_INT_CONVERSION = YES;
				CLANG_WARN_OBJC_ROOT_CLASS = YES_ERROR;
				CLANG_WARN_UNREACHABLE_CODE = YES;
				CLANG_WARN__DUPLICATE_METHOD_MATCH = YES;
				CODE_SIGN_IDENTITY = "-";
				COPY_PHASE_STRIP = NO;
				DEBUG_INFORMATION_FORMAT = dwarf;
				ENABLE_STRICT_OBJC_MSGSEND = YES;
				ENABLE_TESTABILITY = YES;
				GCC_C_LANGUAGE_STANDARD = gnu99;
				GCC_DYNAMIC_NO_PIC = NO;
				GCC_NO_COMMON_BLOCKS = YES;
				GCC_OPTIMIZATION_LEVEL = 0;
				GCC_PREPROCESSOR_DEFINITIONS = (
					"DEBUG=1",
					"$(inherited)",
				);
				GCC_WARN_64_TO_32_BIT_CONVERSION = YES;
				GCC_WARN_ABOUT_RETURN_TYPE = YES_ERROR;
				GCC_WARN_UNDECLARED_SELECTOR = YES;
				GCC_WARN_UNINITIALIZED_AUTOS = YES_AGGRESSIVE;
				GCC_WARN_UNUSED_FUNCTION = YES;
				GCC_WARN_UNUSED_VARIABLE = YES;
				MACOSX_DEPLOYMENT_TARGET = 10.11;
				MTL_ENABLE_DEBUG_INFO = YES;
				ONLY_ACTIVE_ARCH = YES;
				SDKROOT = macosx;
			};
			name = Debug;
		};
		DC3C30411CAB6AB60070BCB1 /* Release */ = {
			isa = XCBuildConfiguration;
			buildSettings = {
				ALWAYS_SEARCH_USER_PATHS = NO;
				CLANG_CXX_LANGUAGE_STANDARD = "gnu++0x";
				CLANG_CXX_LIBRARY = "libc++";
				CLANG_ENABLE_MODULES = YES;
				CLANG_ENABLE_OBJC_ARC = YES;
				CLANG_WARN_BOOL_CONVERSION = YES;
				CLANG_WARN_CONSTANT_CONVERSION = YES;
				CLANG_WARN_DIRECT_OBJC_ISA_USAGE = YES_ERROR;
				CLANG_WARN_EMPTY_BODY = YES;
				CLANG_WARN_ENUM_CONVERSION = YES;
				CLANG_WARN_INT_CONVERSION = YES;
				CLANG_WARN_OBJC_ROOT_CLASS = YES_ERROR;
				CLANG_WARN_UNREACHABLE_CODE = YES;
				CLANG_WARN__DUPLICATE_METHOD_MATCH = YES;
				CODE_SIGN_IDENTITY = "-";
				COPY_PHASE_STRIP = NO;
				DEBUG_INFORMATION_FORMAT = "dwarf-with-dsym";
				ENABLE_NS_ASSERTIONS = NO;
				ENABLE_STRICT_OBJC_MSGSEND = YES;
				GCC_C_LANGUAGE_STANDARD = gnu99;
				GCC_NO_COMMON_BLOCKS = YES;
				GCC_WARN_64_TO_32_BIT_CONVERSION = YES;
				GCC_WARN_ABOUT_RETURN_TYPE = YES_ERROR;
				GCC_WARN_UNDECLARED_SELECTOR = YES;
				GCC_WARN_UNINITIALIZED_AUTOS = YES_AGGRESSIVE;
				GCC_WARN_UNUSED_FUNCTION = YES;
				GCC_WARN_UNUSED_VARIABLE = YES;
				MACOSX_DEPLOYMENT_TARGET = 10.11;
				MTL_ENABLE_DEBUG_INFO = NO;
				SDKROOT = macosx;
			};
			name = Release;
		};
		DC3C30431CAB6AB60070BCB1 /* Debug */ = {
			isa = XCBuildConfiguration;
			buildSettings = {
				ASSETCATALOG_COMPILER_APPICON_NAME = AppIcon;
				COMBINE_HIDPI_IMAGES = YES;
				INFOPLIST_FILE = LogStory/Info.plist;
				LD_RUNPATH_SEARCH_PATHS = "$(inherited) @executable_path/../Frameworks";
				PRODUCT_BUNDLE_IDENTIFIER = "G-F.LogStory";
				PRODUCT_NAME = "$(TARGET_NAME)";
			};
			name = Debug;
		};
		DC3C30441CAB6AB60070BCB1 /* Release */ = {
			isa = XCBuildConfiguration;
			buildSettings = {
				ASSETCATALOG_COMPILER_APPICON_NAME = AppIcon;
				COMBINE_HIDPI_IMAGES = YES;
				INFOPLIST_FILE = LogStory/Info.plist;
				LD_RUNPATH_SEARCH_PATHS = "$(inherited) @executable_path/../Frameworks";
				PRODUCT_BUNDLE_IDENTIFIER = "G-F.LogStory";
				PRODUCT_NAME = "$(TARGET_NAME)";
			};
			name = Release;
		};
		DC3C30461CAB6AB60070BCB1 /* Debug */ = {
			isa = XCBuildConfiguration;
			buildSettings = {
				BUNDLE_LOADER = "$(TEST_HOST)";
				COMBINE_HIDPI_IMAGES = YES;
				INFOPLIST_FILE = LogStoryTests/Info.plist;
				LD_RUNPATH_SEARCH_PATHS = "$(inherited) @executable_path/../Frameworks @loader_path/../Frameworks";
				PRODUCT_BUNDLE_IDENTIFIER = "G-F.LogStoryTests";
				PRODUCT_NAME = "$(TARGET_NAME)";
				TEST_HOST = "$(BUILT_PRODUCTS_DIR)/LogStory.app/Contents/MacOS/LogStory";
			};
			name = Debug;
		};
		DC3C30471CAB6AB60070BCB1 /* Release */ = {
			isa = XCBuildConfiguration;
			buildSettings = {
				BUNDLE_LOADER = "$(TEST_HOST)";
				COMBINE_HIDPI_IMAGES = YES;
				INFOPLIST_FILE = LogStoryTests/Info.plist;
				LD_RUNPATH_SEARCH_PATHS = "$(inherited) @executable_path/../Frameworks @loader_path/../Frameworks";
				PRODUCT_BUNDLE_IDENTIFIER = "G-F.LogStoryTests";
				PRODUCT_NAME = "$(TARGET_NAME)";
				TEST_HOST = "$(BUILT_PRODUCTS_DIR)/LogStory.app/Contents/MacOS/LogStory";
			};
			name = Release;
		};
		DC3C30491CAB6AB60070BCB1 /* Debug */ = {
			isa = XCBuildConfiguration;
			buildSettings = {
				COMBINE_HIDPI_IMAGES = YES;
				INFOPLIST_FILE = LogStoryUITests/Info.plist;
				LD_RUNPATH_SEARCH_PATHS = "$(inherited) @executable_path/../Frameworks @loader_path/../Frameworks";
				PRODUCT_BUNDLE_IDENTIFIER = "G-F.LogStoryUITests";
				PRODUCT_NAME = "$(TARGET_NAME)";
				TEST_TARGET_NAME = LogStory;
				USES_XCTRUNNER = YES;
			};
			name = Debug;
		};
		DC3C304A1CAB6AB60070BCB1 /* Release */ = {
			isa = XCBuildConfiguration;
			buildSettings = {
				COMBINE_HIDPI_IMAGES = YES;
				INFOPLIST_FILE = LogStoryUITests/Info.plist;
				LD_RUNPATH_SEARCH_PATHS = "$(inherited) @executable_path/../Frameworks @loader_path/../Frameworks";
				PRODUCT_BUNDLE_IDENTIFIER = "G-F.LogStoryUITests";
				PRODUCT_NAME = "$(TARGET_NAME)";
				TEST_TARGET_NAME = LogStory;
				USES_XCTRUNNER = YES;
			};
			name = Release;
		};
/* End XCBuildConfiguration section */

/* Begin XCConfigurationList section */
		DC3C30161CAB6AB60070BCB1 /* Build configuration list for PBXProject "LogStory" */ = {
			isa = XCConfigurationList;
			buildConfigurations = (
				DC3C30401CAB6AB60070BCB1 /* Debug */,
				DC3C30411CAB6AB60070BCB1 /* Release */,
			);
			defaultConfigurationIsVisible = 0;
			defaultConfigurationName = Release;
		};
		DC3C30421CAB6AB60070BCB1 /* Build configuration list for PBXNativeTarget "LogStory" */ = {
			isa = XCConfigurationList;
			buildConfigurations = (
				DC3C30431CAB6AB60070BCB1 /* Debug */,
				DC3C30441CAB6AB60070BCB1 /* Release */,
			);
			defaultConfigurationIsVisible = 0;
			defaultConfigurationName = Release;
		};
		DC3C30451CAB6AB60070BCB1 /* Build configuration list for PBXNativeTarget "LogStoryTests" */ = {
			isa = XCConfigurationList;
			buildConfigurations = (
				DC3C30461CAB6AB60070BCB1 /* Debug */,
				DC3C30471CAB6AB60070BCB1 /* Release */,
			);
			defaultConfigurationIsVisible = 0;
			defaultConfigurationName = Release;
		};
		DC3C30481CAB6AB60070BCB1 /* Build configuration list for PBXNativeTarget "LogStoryUITests" */ = {
			isa = XCConfigurationList;
			buildConfigurations = (
				DC3C30491CAB6AB60070BCB1 /* Debug */,
				DC3C304A1CAB6AB60070BCB1 /* Release */,
			);
			defaultConfigurationIsVisible = 0;
			defaultConfigurationName = Release;
		};
/* End XCConfigurationList section */
	};
	rootObject = DC3C30131CAB6AB60070BCB1 /* Project object */;
}
