// !$*UTF8*$!
{
	archiveVersion = 1;
	classes = {
	};
	objectVersion = 46;
	objects = {

/* Begin PBXBuildFile section */
		DC3C30231CAB6AB60070BCB1 /* main.m in Sources */ = {isa = PBXBuildFile; fileRef = DC3C30221CAB6AB60070BCB1 /* main.m */; };
		DC3C30251CAB6AB60070BCB1 /* Assets.xcassets in Resources */ = {isa = PBXBuildFile; fileRef = DC3C30241CAB6AB60070BCB1 /* Assets.xcassets */; };
		DC3C30331CAB6AB60070BCB1 /* LogStoryTests.m in Sources */ = {isa = PBXBuildFile; fileRef = DC3C30321CAB6AB60070BCB1 /* LogStoryTests.m */; };
		DC3C303E1CAB6AB60070BCB1 /* LogStoryUITests.m in Sources */ = {isa = PBXBuildFile; fileRef = DC3C303D1CAB6AB60070BCB1 /* LogStoryUITests.m */; };
		DC3C304E1CAB6B0B0070BCB1 /* AppDelegate.m in Sources */ = {isa = PBXBuildFile; fileRef = DC3C304D1CAB6B0B0070BCB1 /* AppDelegate.m */; };
		DC3C30521CAB6B700070BCB1 /* MainMenu.xib in Resources */ = {isa = PBXBuildFile; fileRef = DC3C30511CAB6B700070BCB1 /* MainMenu.xib */; };
		DC3C305B1CAB7C050070BCB1 /* LSException.m in Sources */ = {isa = PBXBuildFile; fileRef = DC3C305A1CAB7C050070BCB1 /* LSException.m */; };
		DC3C306D1CAB958A0070BCB1 /* LSCaptureObject.m in Sources */ = {isa = PBXBuildFile; fileRef = DC3C306C1CAB958A0070BCB1 /* LSCaptureObject.m */; };
		DC3C30701CAB959F0070BCB1 /* LSConfigObject.m in Sources */ = {isa = PBXBuildFile; fileRef = DC3C306F1CAB959F0070BCB1 /* LSConfigObject.m */; };
		DC3C30761CABA0300070BCB1 /* LSRegexObject.m in Sources */ = {isa = PBXBuildFile; fileRef = DC3C30751CABA0300070BCB1 /* LSRegexObject.m */; };
		DC3C307A1CABB1DC0070BCB1 /* LSPair.m in Sources */ = {isa = PBXBuildFile; fileRef = DC3C30791CABB1DC0070BCB1 /* LSPair.m */; };
		DC3C307D1CABB28B0070BCB1 /* LSPairArray.m in Sources */ = {isa = PBXBuildFile; fileRef = DC3C307C1CABB28B0070BCB1 /* LSPairArray.m */; };
		DC3C30801CABD85B0070BCB1 /* LSConfigObjectFactory.m in Sources */ = {isa = PBXBuildFile; fileRef = DC3C307F1CABD85B0070BCB1 /* LSConfigObjectFactory.m */; };
		DC3C30831CABDE330070BCB1 /* LSLineObject.m in Sources */ = {isa = PBXBuildFile; fileRef = DC3C30821CABDE330070BCB1 /* LSLineObject.m */; };
		DC3C30861CABDF3A0070BCB1 /* LSTimeObject.m in Sources */ = {isa = PBXBuildFile; fileRef = DC3C30851CABDF3A0070BCB1 /* LSTimeObject.m */; };
		DC3C308A1CACB5B30070BCB1 /* LSFileBase.m in Sources */ = {isa = PBXBuildFile; fileRef = DC3C30891CACB5B30070BCB1 /* LSFileBase.m */; };
		DC3C308D1CACB6120070BCB1 /* LSLogFile.m in Sources */ = {isa = PBXBuildFile; fileRef = DC3C308C1CACB6120070BCB1 /* LSLogFile.m */; };
		DC3C30901CACB7680070BCB1 /* LSConfigFile.m in Sources */ = {isa = PBXBuildFile; fileRef = DC3C308F1CACB7680070BCB1 /* LSConfigFile.m */; };
		DC3C30931CACB8EB0070BCB1 /* LSLineFormatFile.m in Sources */ = {isa = PBXBuildFile; fileRef = DC3C30921CACB8EB0070BCB1 /* LSLineFormatFile.m */; };
		DC3C30971CACC19D0070BCB1 /* LSXMLHelper.m in Sources */ = {isa = PBXBuildFile; fileRef = DC3C30961CACC19D0070BCB1 /* LSXMLHelper.m */; };
		DC3C309A1CACC4E90070BCB1 /* LSError.m in Sources */ = {isa = PBXBuildFile; fileRef = DC3C30991CACC4E90070BCB1 /* LSError.m */; };
		DC5CADC31CACEE890058A236 /* LSActionObject.m in Sources */ = {isa = PBXBuildFile; fileRef = DC5CADC21CACEE890058A236 /* LSActionObject.m */; };
		DC5CADC61CACF1FF0058A236 /* LSArgumentObject.m in Sources */ = {isa = PBXBuildFile; fileRef = DC5CADC51CACF1FF0058A236 /* LSArgumentObject.m */; };
		DC9C53721CC76766004AD0E7 /* LSLog.m in Sources */ = {isa = PBXBuildFile; fileRef = DC9C53711CC76766004AD0E7 /* LSLog.m */; };
		DC9C53771CCDD89C004AD0E7 /* LSProperty.m in Sources */ = {isa = PBXBuildFile; fileRef = DC9C53761CCDD89C004AD0E7 /* LSProperty.m */; };
		DC9C537A1CCDD955004AD0E7 /* LSCaptureProperty.m in Sources */ = {isa = PBXBuildFile; fileRef = DC9C53791CCDD955004AD0E7 /* LSCaptureProperty.m */; };
		DC9C537D1CCDDDD8004AD0E7 /* LSRegexProperty.m in Sources */ = {isa = PBXBuildFile; fileRef = DC9C537C1CCDDDD8004AD0E7 /* LSRegexProperty.m */; };
		DC9C53811CCDE571004AD0E7 /* LSCaptureResult.m in Sources */ = {isa = PBXBuildFile; fileRef = DC9C53801CCDE571004AD0E7 /* LSCaptureResult.m */; };
		DC9C53841CCDE792004AD0E7 /* LSRegex.m in Sources */ = {isa = PBXBuildFile; fileRef = DC9C53831CCDE792004AD0E7 /* LSRegex.m */; };
/* End PBXBuildFile section */

/* Begin PBXContainerItemProxy section */
		DC3C302F1CAB6AB60070BCB1 /* PBXContainerItemProxy */ = {
			isa = PBXContainerItemProxy;
			containerPortal = DC3C30131CAB6AB60070BCB1 /* Project object */;
			proxyType = 1;
			remoteGlobalIDString = DC3C301A1CAB6AB60070BCB1;
			remoteInfo = LogStory;
		};
		DC3C303A1CAB6AB60070BCB1 /* PBXContainerItemProxy */ = {
			isa = PBXContainerItemProxy;
			containerPortal = DC3C30131CAB6AB60070BCB1 /* Project object */;
			proxyType = 1;
			remoteGlobalIDString = DC3C301A1CAB6AB60070BCB1;
			remoteInfo = LogStory;
		};
/* End PBXContainerItemProxy section */

/* Begin PBXFileReference section */
		DC3C301B1CAB6AB60070BCB1 /* LogStory.app */ = {isa = PBXFileReference; explicitFileType = wrapper.application; includeInIndex = 0; path = LogStory.app; sourceTree = BUILT_PRODUCTS_DIR; };
		DC3C30221CAB6AB60070BCB1 /* main.m */ = {isa = PBXFileReference; lastKnownFileType = sourcecode.c.objc; path = main.m; sourceTree = "<group>"; };
		DC3C30241CAB6AB60070BCB1 /* Assets.xcassets */ = {isa = PBXFileReference; lastKnownFileType = folder.assetcatalog; path = Assets.xcassets; sourceTree = "<group>"; };
		DC3C30291CAB6AB60070BCB1 /* Info.plist */ = {isa = PBXFileReference; lastKnownFileType = text.plist.xml; path = Info.plist; sourceTree = "<group>"; };
		DC3C302E1CAB6AB60070BCB1 /* LogStoryTests.xctest */ = {isa = PBXFileReference; explicitFileType = wrapper.cfbundle; includeInIndex = 0; path = LogStoryTests.xctest; sourceTree = BUILT_PRODUCTS_DIR; };
		DC3C30321CAB6AB60070BCB1 /* LogStoryTests.m */ = {isa = PBXFileReference; lastKnownFileType = sourcecode.c.objc; path = LogStoryTests.m; sourceTree = "<group>"; };
		DC3C30341CAB6AB60070BCB1 /* Info.plist */ = {isa = PBXFileReference; lastKnownFileType = text.plist.xml; path = Info.plist; sourceTree = "<group>"; };
		DC3C30391CAB6AB60070BCB1 /* LogStoryUITests.xctest */ = {isa = PBXFileReference; explicitFileType = wrapper.cfbundle; includeInIndex = 0; path = LogStoryUITests.xctest; sourceTree = BUILT_PRODUCTS_DIR; };
		DC3C303D1CAB6AB60070BCB1 /* LogStoryUITests.m */ = {isa = PBXFileReference; lastKnownFileType = sourcecode.c.objc; path = LogStoryUITests.m; sourceTree = "<group>"; };
		DC3C303F1CAB6AB60070BCB1 /* Info.plist */ = {isa = PBXFileReference; lastKnownFileType = text.plist.xml; path = Info.plist; sourceTree = "<group>"; };
		DC3C304C1CAB6B0B0070BCB1 /* AppDelegate.h */ = {isa = PBXFileReference; fileEncoding = 4; lastKnownFileType = sourcecode.c.h; name = AppDelegate.h; path = "App Delegate/AppDelegate.h"; sourceTree = "<group>"; };
		DC3C304D1CAB6B0B0070BCB1 /* AppDelegate.m */ = {isa = PBXFileReference; fileEncoding = 4; lastKnownFileType = sourcecode.c.objc; name = AppDelegate.m; path = "App Delegate/AppDelegate.m"; sourceTree = "<group>"; };
		DC3C30511CAB6B700070BCB1 /* MainMenu.xib */ = {isa = PBXFileReference; fileEncoding = 4; lastKnownFileType = file.xib; name = MainMenu.xib; path = Resource/Nib/MainMenu.xib; sourceTree = "<group>"; };
		DC3C30591CAB7C050070BCB1 /* LSException.h */ = {isa = PBXFileReference; fileEncoding = 4; lastKnownFileType = sourcecode.c.h; name = LSException.h; path = Utility/Exception/LSException.h; sourceTree = "<group>"; };
		DC3C305A1CAB7C050070BCB1 /* LSException.m */ = {isa = PBXFileReference; fileEncoding = 4; lastKnownFileType = sourcecode.c.objc; name = LSException.m; path = Utility/Exception/LSException.m; sourceTree = "<group>"; };
		DC3C306B1CAB958A0070BCB1 /* LSCaptureObject.h */ = {isa = PBXFileReference; fileEncoding = 4; lastKnownFileType = sourcecode.c.h; name = LSCaptureObject.h; path = "Modal/Config Object/LSCaptureObject.h"; sourceTree = "<group>"; };
		DC3C306C1CAB958A0070BCB1 /* LSCaptureObject.m */ = {isa = PBXFileReference; fileEncoding = 4; lastKnownFileType = sourcecode.c.objc; name = LSCaptureObject.m; path = "Modal/Config Object/LSCaptureObject.m"; sourceTree = "<group>"; };
		DC3C306E1CAB959F0070BCB1 /* LSConfigObject.h */ = {isa = PBXFileReference; fileEncoding = 4; lastKnownFileType = sourcecode.c.h; name = LSConfigObject.h; path = "Modal/Config Object/LSConfigObject.h"; sourceTree = "<group>"; };
		DC3C306F1CAB959F0070BCB1 /* LSConfigObject.m */ = {isa = PBXFileReference; fileEncoding = 4; lastKnownFileType = sourcecode.c.objc; name = LSConfigObject.m; path = "Modal/Config Object/LSConfigObject.m"; sourceTree = "<group>"; };
		DC3C30741CABA0300070BCB1 /* LSRegexObject.h */ = {isa = PBXFileReference; fileEncoding = 4; lastKnownFileType = sourcecode.c.h; name = LSRegexObject.h; path = "Modal/Config Object/LSRegexObject.h"; sourceTree = "<group>"; };
		DC3C30751CABA0300070BCB1 /* LSRegexObject.m */ = {isa = PBXFileReference; fileEncoding = 4; lastKnownFileType = sourcecode.c.objc; name = LSRegexObject.m; path = "Modal/Config Object/LSRegexObject.m"; sourceTree = "<group>"; };
		DC3C30781CABB1DC0070BCB1 /* LSPair.h */ = {isa = PBXFileReference; fileEncoding = 4; lastKnownFileType = sourcecode.c.h; name = LSPair.h; path = Modal/KeyValuePair/LSPair.h; sourceTree = "<group>"; };
		DC3C30791CABB1DC0070BCB1 /* LSPair.m */ = {isa = PBXFileReference; fileEncoding = 4; lastKnownFileType = sourcecode.c.objc; name = LSPair.m; path = Modal/KeyValuePair/LSPair.m; sourceTree = "<group>"; };
		DC3C307B1CABB28B0070BCB1 /* LSPairArray.h */ = {isa = PBXFileReference; fileEncoding = 4; lastKnownFileType = sourcecode.c.h; name = LSPairArray.h; path = Modal/KeyValuePair/LSPairArray.h; sourceTree = "<group>"; };
		DC3C307C1CABB28B0070BCB1 /* LSPairArray.m */ = {isa = PBXFileReference; fileEncoding = 4; lastKnownFileType = sourcecode.c.objc; name = LSPairArray.m; path = Modal/KeyValuePair/LSPairArray.m; sourceTree = "<group>"; };
		DC3C307E1CABD85B0070BCB1 /* LSConfigObjectFactory.h */ = {isa = PBXFileReference; fileEncoding = 4; lastKnownFileType = sourcecode.c.h; name = LSConfigObjectFactory.h; path = "Modal/Config Object/LSConfigObjectFactory.h"; sourceTree = "<group>"; };
		DC3C307F1CABD85B0070BCB1 /* LSConfigObjectFactory.m */ = {isa = PBXFileReference; fileEncoding = 4; lastKnownFileType = sourcecode.c.objc; name = LSConfigObjectFactory.m; path = "Modal/Config Object/LSConfigObjectFactory.m"; sourceTree = "<group>"; };
		DC3C30811CABDE330070BCB1 /* LSLineObject.h */ = {isa = PBXFileReference; fileEncoding = 4; lastKnownFileType = sourcecode.c.h; name = LSLineObject.h; path = "Modal/Config Object/LSLineObject.h"; sourceTree = "<group>"; };
		DC3C30821CABDE330070BCB1 /* LSLineObject.m */ = {isa = PBXFileReference; fileEncoding = 4; lastKnownFileType = sourcecode.c.objc; name = LSLineObject.m; path = "Modal/Config Object/LSLineObject.m"; sourceTree = "<group>"; };
		DC3C30841CABDF3A0070BCB1 /* LSTimeObject.h */ = {isa = PBXFileReference; fileEncoding = 4; lastKnownFileType = sourcecode.c.h; name = LSTimeObject.h; path = "Modal/Config Object/LSTimeObject.h"; sourceTree = "<group>"; };
		DC3C30851CABDF3A0070BCB1 /* LSTimeObject.m */ = {isa = PBXFileReference; fileEncoding = 4; lastKnownFileType = sourcecode.c.objc; name = LSTimeObject.m; path = "Modal/Config Object/LSTimeObject.m"; sourceTree = "<group>"; };
		DC3C30881CACB5B30070BCB1 /* LSFileBase.h */ = {isa = PBXFileReference; fileEncoding = 4; lastKnownFileType = sourcecode.c.h; name = LSFileBase.h; path = Modal/File/LSFileBase.h; sourceTree = "<group>"; };
		DC3C30891CACB5B30070BCB1 /* LSFileBase.m */ = {isa = PBXFileReference; fileEncoding = 4; lastKnownFileType = sourcecode.c.objc; name = LSFileBase.m; path = Modal/File/LSFileBase.m; sourceTree = "<group>"; };
		DC3C308B1CACB6120070BCB1 /* LSLogFile.h */ = {isa = PBXFileReference; fileEncoding = 4; lastKnownFileType = sourcecode.c.h; name = LSLogFile.h; path = Modal/File/LSLogFile.h; sourceTree = "<group>"; };
		DC3C308C1CACB6120070BCB1 /* LSLogFile.m */ = {isa = PBXFileReference; fileEncoding = 4; lastKnownFileType = sourcecode.c.objc; name = LSLogFile.m; path = Modal/File/LSLogFile.m; sourceTree = "<group>"; };
		DC3C308E1CACB7680070BCB1 /* LSConfigFile.h */ = {isa = PBXFileReference; fileEncoding = 4; lastKnownFileType = sourcecode.c.h; name = LSConfigFile.h; path = Modal/File/LSConfigFile.h; sourceTree = "<group>"; };
		DC3C308F1CACB7680070BCB1 /* LSConfigFile.m */ = {isa = PBXFileReference; fileEncoding = 4; lastKnownFileType = sourcecode.c.objc; name = LSConfigFile.m; path = Modal/File/LSConfigFile.m; sourceTree = "<group>"; };
		DC3C30911CACB8EB0070BCB1 /* LSLineFormatFile.h */ = {isa = PBXFileReference; fileEncoding = 4; lastKnownFileType = sourcecode.c.h; name = LSLineFormatFile.h; path = Modal/File/LSLineFormatFile.h; sourceTree = "<group>"; };
		DC3C30921CACB8EB0070BCB1 /* LSLineFormatFile.m */ = {isa = PBXFileReference; fileEncoding = 4; lastKnownFileType = sourcecode.c.objc; name = LSLineFormatFile.m; path = Modal/File/LSLineFormatFile.m; sourceTree = "<group>"; };
		DC3C30951CACC19D0070BCB1 /* LSXMLHelper.h */ = {isa = PBXFileReference; fileEncoding = 4; lastKnownFileType = sourcecode.c.h; name = LSXMLHelper.h; path = Utility/XML/LSXMLHelper.h; sourceTree = "<group>"; };
		DC3C30961CACC19D0070BCB1 /* LSXMLHelper.m */ = {isa = PBXFileReference; fileEncoding = 4; lastKnownFileType = sourcecode.c.objc; name = LSXMLHelper.m; path = Utility/XML/LSXMLHelper.m; sourceTree = "<group>"; };
		DC3C30981CACC4E90070BCB1 /* LSError.h */ = {isa = PBXFileReference; fileEncoding = 4; lastKnownFileType = sourcecode.c.h; name = LSError.h; path = Utility/Exception/LSError.h; sourceTree = "<group>"; };
		DC3C30991CACC4E90070BCB1 /* LSError.m */ = {isa = PBXFileReference; fileEncoding = 4; lastKnownFileType = sourcecode.c.objc; name = LSError.m; path = Utility/Exception/LSError.m; sourceTree = "<group>"; };
		DC5CADC11CACEE890058A236 /* LSActionObject.h */ = {isa = PBXFileReference; fileEncoding = 4; lastKnownFileType = sourcecode.c.h; name = LSActionObject.h; path = "Modal/Config Object/LSActionObject.h"; sourceTree = "<group>"; };
		DC5CADC21CACEE890058A236 /* LSActionObject.m */ = {isa = PBXFileReference; fileEncoding = 4; lastKnownFileType = sourcecode.c.objc; name = LSActionObject.m; path = "Modal/Config Object/LSActionObject.m"; sourceTree = "<group>"; };
		DC5CADC41CACF1FF0058A236 /* LSArgumentObject.h */ = {isa = PBXFileReference; fileEncoding = 4; lastKnownFileType = sourcecode.c.h; name = LSArgumentObject.h; path = "Modal/Config Object/LSArgumentObject.h"; sourceTree = "<group>"; };
		DC5CADC51CACF1FF0058A236 /* LSArgumentObject.m */ = {isa = PBXFileReference; fileEncoding = 4; lastKnownFileType = sourcecode.c.objc; name = LSArgumentObject.m; path = "Modal/Config Object/LSArgumentObject.m"; sourceTree = "<group>"; };
		DC9C53701CC76766004AD0E7 /* LSLog.h */ = {isa = PBXFileReference; fileEncoding = 4; lastKnownFileType = sourcecode.c.h; name = LSLog.h; path = Utility/Log/LSLog.h; sourceTree = "<group>"; };
		DC9C53711CC76766004AD0E7 /* LSLog.m */ = {isa = PBXFileReference; fileEncoding = 4; lastKnownFileType = sourcecode.c.objc; name = LSLog.m; path = Utility/Log/LSLog.m; sourceTree = "<group>"; };
		DC9C53751CCDD89C004AD0E7 /* LSProperty.h */ = {isa = PBXFileReference; fileEncoding = 4; lastKnownFileType = sourcecode.c.h; name = LSProperty.h; path = Model/Property/LSProperty.h; sourceTree = "<group>"; };
		DC9C53761CCDD89C004AD0E7 /* LSProperty.m */ = {isa = PBXFileReference; fileEncoding = 4; lastKnownFileType = sourcecode.c.objc; name = LSProperty.m; path = Model/Property/LSProperty.m; sourceTree = "<group>"; };
		DC9C53781CCDD955004AD0E7 /* LSCaptureProperty.h */ = {isa = PBXFileReference; fileEncoding = 4; lastKnownFileType = sourcecode.c.h; name = LSCaptureProperty.h; path = Model/Property/LSCaptureProperty.h; sourceTree = "<group>"; };
		DC9C53791CCDD955004AD0E7 /* LSCaptureProperty.m */ = {isa = PBXFileReference; fileEncoding = 4; lastKnownFileType = sourcecode.c.objc; name = LSCaptureProperty.m; path = Model/Property/LSCaptureProperty.m; sourceTree = "<group>"; };
		DC9C537B1CCDDDD8004AD0E7 /* LSRegexProperty.h */ = {isa = PBXFileReference; fileEncoding = 4; lastKnownFileType = sourcecode.c.h; name = LSRegexProperty.h; path = Model/Property/LSRegexProperty.h; sourceTree = "<group>"; };
		DC9C537C1CCDDDD8004AD0E7 /* LSRegexProperty.m */ = {isa = PBXFileReference; fileEncoding = 4; lastKnownFileType = sourcecode.c.objc; name = LSRegexProperty.m; path = Model/Property/LSRegexProperty.m; sourceTree = "<group>"; };
		DC9C537F1CCDE571004AD0E7 /* LSCaptureResult.h */ = {isa = PBXFileReference; fileEncoding = 4; lastKnownFileType = sourcecode.c.h; name = LSCaptureResult.h; path = Model/Regex/LSCaptureResult.h; sourceTree = "<group>"; };
		DC9C53801CCDE571004AD0E7 /* LSCaptureResult.m */ = {isa = PBXFileReference; fileEncoding = 4; lastKnownFileType = sourcecode.c.objc; name = LSCaptureResult.m; path = Model/Regex/LSCaptureResult.m; sourceTree = "<group>"; };
		DC9C53821CCDE792004AD0E7 /* LSRegex.h */ = {isa = PBXFileReference; fileEncoding = 4; lastKnownFileType = sourcecode.c.h; name = LSRegex.h; path = Model/Regex/LSRegex.h; sourceTree = "<group>"; };
		DC9C53831CCDE792004AD0E7 /* LSRegex.m */ = {isa = PBXFileReference; fileEncoding = 4; lastKnownFileType = sourcecode.c.objc; name = LSRegex.m; path = Model/Regex/LSRegex.m; sourceTree = "<group>"; };
/* End PBXFileReference section */

/* Begin PBXFrameworksBuildPhase section */
		DC3C30181CAB6AB60070BCB1 /* Frameworks */ = {
			isa = PBXFrameworksBuildPhase;
			buildActionMask = 2147483647;
			files = (
			);
			runOnlyForDeploymentPostprocessing = 0;
		};
		DC3C302B1CAB6AB60070BCB1 /* Frameworks */ = {
			isa = PBXFrameworksBuildPhase;
			buildActionMask = 2147483647;
			files = (
			);
			runOnlyForDeploymentPostprocessing = 0;
		};
		DC3C30361CAB6AB60070BCB1 /* Frameworks */ = {
			isa = PBXFrameworksBuildPhase;
			buildActionMask = 2147483647;
			files = (
			);
			runOnlyForDeploymentPostprocessing = 0;
		};
/* End PBXFrameworksBuildPhase section */

/* Begin PBXGroup section */
		DC3C30121CAB6AB60070BCB1 = {
			isa = PBXGroup;
			children = (
				DC3C301D1CAB6AB60070BCB1 /* LogStory */,
				DC3C30311CAB6AB60070BCB1 /* LogStoryTests */,
				DC3C303C1CAB6AB60070BCB1 /* LogStoryUITests */,
				DC3C301C1CAB6AB60070BCB1 /* Products */,
			);
			sourceTree = "<group>";
		};
		DC3C301C1CAB6AB60070BCB1 /* Products */ = {
			isa = PBXGroup;
			children = (
				DC3C301B1CAB6AB60070BCB1 /* LogStory.app */,
				DC3C302E1CAB6AB60070BCB1 /* LogStoryTests.xctest */,
				DC3C30391CAB6AB60070BCB1 /* LogStoryUITests.xctest */,
			);
			name = Products;
			sourceTree = "<group>";
		};
		DC3C301D1CAB6AB60070BCB1 /* LogStory */ = {
			isa = PBXGroup;
			children = (
				DC9C53731CCDD878004AD0E7 /* Model */,
				DC3C30571CAB7BEC0070BCB1 /* Utility */,
				DC3C30531CAB6B8D0070BCB1 /* Modal */,
				DC3C304B1CAB6B000070BCB1 /* App Delegate */,
				DC3C304F1CAB6B480070BCB1 /* Resource */,
				DC3C30211CAB6AB60070BCB1 /* Supporting Files */,
			);
			path = LogStory;
			sourceTree = "<group>";
		};
		DC3C30211CAB6AB60070BCB1 /* Supporting Files */ = {
			isa = PBXGroup;
			children = (
				DC3C30241CAB6AB60070BCB1 /* Assets.xcassets */,
				DC3C30291CAB6AB60070BCB1 /* Info.plist */,
				DC3C30221CAB6AB60070BCB1 /* main.m */,
			);
			name = "Supporting Files";
			sourceTree = "<group>";
		};
		DC3C30311CAB6AB60070BCB1 /* LogStoryTests */ = {
			isa = PBXGroup;
			children = (
				DC3C30321CAB6AB60070BCB1 /* LogStoryTests.m */,
				DC3C30341CAB6AB60070BCB1 /* Info.plist */,
			);
			path = LogStoryTests;
			sourceTree = "<group>";
		};
		DC3C303C1CAB6AB60070BCB1 /* LogStoryUITests */ = {
			isa = PBXGroup;
			children = (
				DC3C303D1CAB6AB60070BCB1 /* LogStoryUITests.m */,
				DC3C303F1CAB6AB60070BCB1 /* Info.plist */,
			);
			path = LogStoryUITests;
			sourceTree = "<group>";
		};
		DC3C304B1CAB6B000070BCB1 /* App Delegate */ = {
			isa = PBXGroup;
			children = (
				DC3C304C1CAB6B0B0070BCB1 /* AppDelegate.h */,
				DC3C304D1CAB6B0B0070BCB1 /* AppDelegate.m */,
			);
			name = "App Delegate";
			sourceTree = "<group>";
		};
		DC3C304F1CAB6B480070BCB1 /* Resource */ = {
			isa = PBXGroup;
			children = (
				DC3C30501CAB6B4F0070BCB1 /* Nib */,
			);
			name = Resource;
			sourceTree = "<group>";
		};
		DC3C30501CAB6B4F0070BCB1 /* Nib */ = {
			isa = PBXGroup;
			children = (
				DC3C30511CAB6B700070BCB1 /* MainMenu.xib */,
			);
			name = Nib;
			sourceTree = "<group>";
		};
		DC3C30531CAB6B8D0070BCB1 /* Modal */ = {
			isa = PBXGroup;
			children = (
				DC3C30871CACB5A40070BCB1 /* File */,
				DC3C30771CABB1C00070BCB1 /* KeyValuePair */,
				DC3C306A1CAB957B0070BCB1 /* Config Object */,
			);
			name = Modal;
			sourceTree = "<group>";
		};
		DC3C30571CAB7BEC0070BCB1 /* Utility */ = {
			isa = PBXGroup;
			children = (
				DC9C536F1CC714AC004AD0E7 /* Log */,
				DC3C30941CACC1880070BCB1 /* XML */,
				DC3C30581CAB7BF10070BCB1 /* Exception */,
			);
			name = Utility;
			sourceTree = "<group>";
		};
		DC3C30581CAB7BF10070BCB1 /* Exception */ = {
			isa = PBXGroup;
			children = (
				DC3C30591CAB7C050070BCB1 /* LSException.h */,
				DC3C305A1CAB7C050070BCB1 /* LSException.m */,
				DC3C30981CACC4E90070BCB1 /* LSError.h */,
				DC3C30991CACC4E90070BCB1 /* LSError.m */,
			);
			name = Exception;
			sourceTree = "<group>";
		};
		DC3C306A1CAB957B0070BCB1 /* Config Object */ = {
			isa = PBXGroup;
			children = (
				DC3C306E1CAB959F0070BCB1 /* LSConfigObject.h */,
				DC3C306F1CAB959F0070BCB1 /* LSConfigObject.m */,
				DC3C307E1CABD85B0070BCB1 /* LSConfigObjectFactory.h */,
				DC3C307F1CABD85B0070BCB1 /* LSConfigObjectFactory.m */,
				DC3C306B1CAB958A0070BCB1 /* LSCaptureObject.h */,
				DC3C306C1CAB958A0070BCB1 /* LSCaptureObject.m */,
				DC3C30741CABA0300070BCB1 /* LSRegexObject.h */,
				DC3C30751CABA0300070BCB1 /* LSRegexObject.m */,
				DC3C30841CABDF3A0070BCB1 /* LSTimeObject.h */,
				DC3C30851CABDF3A0070BCB1 /* LSTimeObject.m */,
				DC3C30811CABDE330070BCB1 /* LSLineObject.h */,
				DC3C30821CABDE330070BCB1 /* LSLineObject.m */,
				DC5CADC41CACF1FF0058A236 /* LSArgumentObject.h */,
				DC5CADC51CACF1FF0058A236 /* LSArgumentObject.m */,
				DC5CADC11CACEE890058A236 /* LSActionObject.h */,
				DC5CADC21CACEE890058A236 /* LSActionObject.m */,
			);
			name = "Config Object";
			sourceTree = "<group>";
		};
		DC3C30771CABB1C00070BCB1 /* KeyValuePair */ = {
			isa = PBXGroup;
			children = (
				DC3C30781CABB1DC0070BCB1 /* LSPair.h */,
				DC3C30791CABB1DC0070BCB1 /* LSPair.m */,
				DC3C307B1CABB28B0070BCB1 /* LSPairArray.h */,
				DC3C307C1CABB28B0070BCB1 /* LSPairArray.m */,
			);
			name = KeyValuePair;
			sourceTree = "<group>";
		};
		DC3C30871CACB5A40070BCB1 /* File */ = {
			isa = PBXGroup;
			children = (
				DC3C30881CACB5B30070BCB1 /* LSFileBase.h */,
				DC3C30891CACB5B30070BCB1 /* LSFileBase.m */,
				DC3C308B1CACB6120070BCB1 /* LSLogFile.h */,
				DC3C308C1CACB6120070BCB1 /* LSLogFile.m */,
				DC3C308E1CACB7680070BCB1 /* LSConfigFile.h */,
				DC3C308F1CACB7680070BCB1 /* LSConfigFile.m */,
				DC3C30911CACB8EB0070BCB1 /* LSLineFormatFile.h */,
				DC3C30921CACB8EB0070BCB1 /* LSLineFormatFile.m */,
			);
			name = File;
			sourceTree = "<group>";
		};
		DC3C30941CACC1880070BCB1 /* XML */ = {
			isa = PBXGroup;
			children = (
				DC3C30951CACC19D0070BCB1 /* LSXMLHelper.h */,
				DC3C30961CACC19D0070BCB1 /* LSXMLHelper.m */,
			);
			name = XML;
			sourceTree = "<group>";
		};
		DC9C536F1CC714AC004AD0E7 /* Log */ = {
			isa = PBXGroup;
			children = (
				DC9C53701CC76766004AD0E7 /* LSLog.h */,
				DC9C53711CC76766004AD0E7 /* LSLog.m */,
			);
			name = Log;
			sourceTree = "<group>";
		};
		DC9C53731CCDD878004AD0E7 /* Model */ = {
			isa = PBXGroup;
			children = (
				DC9C537E1CCDE560004AD0E7 /* Regex */,
				DC9C53741CCDD889004AD0E7 /* Property */,
			);
			name = Model;
			sourceTree = "<group>";
		};
		DC9C53741CCDD889004AD0E7 /* Property */ = {
			isa = PBXGroup;
			children = (
				DC9C53751CCDD89C004AD0E7 /* LSProperty.h */,
				DC9C53761CCDD89C004AD0E7 /* LSProperty.m */,
				DC9C53781CCDD955004AD0E7 /* LSCaptureProperty.h */,
				DC9C53791CCDD955004AD0E7 /* LSCaptureProperty.m */,
				DC9C537B1CCDDDD8004AD0E7 /* LSRegexProperty.h */,
				DC9C537C1CCDDDD8004AD0E7 /* LSRegexProperty.m */,
			);
			name = Property;
			sourceTree = "<group>";
		};
		DC9C537E1CCDE560004AD0E7 /* Regex */ = {
			isa = PBXGroup;
			children = (
				DC9C537F1CCDE571004AD0E7 /* LSCaptureResult.h */,
				DC9C53801CCDE571004AD0E7 /* LSCaptureResult.m */,
				DC9C53821CCDE792004AD0E7 /* LSRegex.h */,
				DC9C53831CCDE792004AD0E7 /* LSRegex.m */,
			);
			name = Regex;
			sourceTree = "<group>";
		};
/* End PBXGroup section */

/* Begin PBXNativeTarget section */
		DC3C301A1CAB6AB60070BCB1 /* LogStory */ = {
			isa = PBXNativeTarget;
			buildConfigurationList = DC3C30421CAB6AB60070BCB1 /* Build configuration list for PBXNativeTarget "LogStory" */;
			buildPhases = (
				DC3C30171CAB6AB60070BCB1 /* Sources */,
				DC3C30181CAB6AB60070BCB1 /* Frameworks */,
				DC3C30191CAB6AB60070BCB1 /* Resources */,
			);
			buildRules = (
			);
			dependencies = (
			);
			name = LogStory;
			productName = LogStory;
			productReference = DC3C301B1CAB6AB60070BCB1 /* LogStory.app */;
			productType = "com.apple.product-type.application";
		};
		DC3C302D1CAB6AB60070BCB1 /* LogStoryTests */ = {
			isa = PBXNativeTarget;
			buildConfigurationList = DC3C30451CAB6AB60070BCB1 /* Build configuration list for PBXNativeTarget "LogStoryTests" */;
			buildPhases = (
				DC3C302A1CAB6AB60070BCB1 /* Sources */,
				DC3C302B1CAB6AB60070BCB1 /* Frameworks */,
				DC3C302C1CAB6AB60070BCB1 /* Resources */,
			);
			buildRules = (
			);
			dependencies = (
				DC3C30301CAB6AB60070BCB1 /* PBXTargetDependency */,
			);
			name = LogStoryTests;
			productName = LogStoryTests;
			productReference = DC3C302E1CAB6AB60070BCB1 /* LogStoryTests.xctest */;
			productType = "com.apple.product-type.bundle.unit-test";
		};
		DC3C30381CAB6AB60070BCB1 /* LogStoryUITests */ = {
			isa = PBXNativeTarget;
			buildConfigurationList = DC3C30481CAB6AB60070BCB1 /* Build configuration list for PBXNativeTarget "LogStoryUITests" */;
			buildPhases = (
				DC3C30351CAB6AB60070BCB1 /* Sources */,
				DC3C30361CAB6AB60070BCB1 /* Frameworks */,
				DC3C30371CAB6AB60070BCB1 /* Resources */,
			);
			buildRules = (
			);
			dependencies = (
				DC3C303B1CAB6AB60070BCB1 /* PBXTargetDependency */,
			);
			name = LogStoryUITests;
			productName = LogStoryUITests;
			productReference = DC3C30391CAB6AB60070BCB1 /* LogStoryUITests.xctest */;
			productType = "com.apple.product-type.bundle.ui-testing";
		};
/* End PBXNativeTarget section */

/* Begin PBXProject section */
		DC3C30131CAB6AB60070BCB1 /* Project object */ = {
			isa = PBXProject;
			attributes = {
				LastUpgradeCheck = 0710;
				ORGANIZATIONNAME = "Gordon Xin";
				TargetAttributes = {
					DC3C301A1CAB6AB60070BCB1 = {
						CreatedOnToolsVersion = 7.1.1;
					};
					DC3C302D1CAB6AB60070BCB1 = {
						CreatedOnToolsVersion = 7.1.1;
						TestTargetID = DC3C301A1CAB6AB60070BCB1;
					};
					DC3C30381CAB6AB60070BCB1 = {
						CreatedOnToolsVersion = 7.1.1;
						TestTargetID = DC3C301A1CAB6AB60070BCB1;
					};
				};
			};
			buildConfigurationList = DC3C30161CAB6AB60070BCB1 /* Build configuration list for PBXProject "LogStory" */;
			compatibilityVersion = "Xcode 3.2";
			developmentRegion = English;
			hasScannedForEncodings = 0;
			knownRegions = (
				en,
				Base,
			);
			mainGroup = DC3C30121CAB6AB60070BCB1;
			productRefGroup = DC3C301C1CAB6AB60070BCB1 /* Products */;
			projectDirPath = "";
			projectRoot = "";
			targets = (
				DC3C301A1CAB6AB60070BCB1 /* LogStory */,
				DC3C302D1CAB6AB60070BCB1 /* LogStoryTests */,
				DC3C30381CAB6AB60070BCB1 /* LogStoryUITests */,
			);
		};
/* End PBXProject section */

/* Begin PBXResourcesBuildPhase section */
		DC3C30191CAB6AB60070BCB1 /* Resources */ = {
			isa = PBXResourcesBuildPhase;
			buildActionMask = 2147483647;
			files = (
				DC3C30251CAB6AB60070BCB1 /* Assets.xcassets in Resources */,
				DC3C30521CAB6B700070BCB1 /* MainMenu.xib in Resources */,
			);
			runOnlyForDeploymentPostprocessing = 0;
		};
		DC3C302C1CAB6AB60070BCB1 /* Resources */ = {
			isa = PBXResourcesBuildPhase;
			buildActionMask = 2147483647;
			files = (
			);
			runOnlyForDeploymentPostprocessing = 0;
		};
		DC3C30371CAB6AB60070BCB1 /* Resources */ = {
			isa = PBXResourcesBuildPhase;
			buildActionMask = 2147483647;
			files = (
			);
			runOnlyForDeploymentPostprocessing = 0;
		};
/* End PBXResourcesBuildPhase section */

/* Begin PBXSourcesBuildPhase section */
		DC3C30171CAB6AB60070BCB1 /* Sources */ = {
			isa = PBXSourcesBuildPhase;
			buildActionMask = 2147483647;
			files = (
				DC3C30931CACB8EB0070BCB1 /* LSLineFormatFile.m in Sources */,
				DC3C304E1CAB6B0B0070BCB1 /* AppDelegate.m in Sources */,
				DC9C537D1CCDDDD8004AD0E7 /* LSRegexProperty.m in Sources */,
				DC9C53841CCDE792004AD0E7 /* LSRegex.m in Sources */,
				DC3C306D1CAB958A0070BCB1 /* LSCaptureObject.m in Sources */,
				DC9C53721CC76766004AD0E7 /* LSLog.m in Sources */,
				DC3C308D1CACB6120070BCB1 /* LSLogFile.m in Sources */,
				DC3C30761CABA0300070BCB1 /* LSRegexObject.m in Sources */,
				DC9C537A1CCDD955004AD0E7 /* LSCaptureProperty.m in Sources */,
				DC9C53771CCDD89C004AD0E7 /* LSProperty.m in Sources */,
				DC3C30831CABDE330070BCB1 /* LSLineObject.m in Sources */,
				DC3C307D1CABB28B0070BCB1 /* LSPairArray.m in Sources */,
				DC3C308A1CACB5B30070BCB1 /* LSFileBase.m in Sources */,
				DC3C30971CACC19D0070BCB1 /* LSXMLHelper.m in Sources */,
				DC3C307A1CABB1DC0070BCB1 /* LSPair.m in Sources */,
				DC9C53811CCDE571004AD0E7 /* LSCaptureResult.m in Sources */,
				DC3C30801CABD85B0070BCB1 /* LSConfigObjectFactory.m in Sources */,
				DC3C30701CAB959F0070BCB1 /* LSConfigObject.m in Sources */,
				DC3C30901CACB7680070BCB1 /* LSConfigFile.m in Sources */,
				DC3C30861CABDF3A0070BCB1 /* LSTimeObject.m in Sources */,
				DC3C309A1CACC4E90070BCB1 /* LSError.m in Sources */,
				DC5CADC31CACEE890058A236 /* LSActionObject.m in Sources */,
				DC3C30231CAB6AB60070BCB1 /* main.m in Sources */,
				DC3C305B1CAB7C050070BCB1 /* LSException.m in Sources */,
				DC5CADC61CACF1FF0058A236 /* LSArgumentObject.m in Sources */,
			);
			runOnlyForDeploymentPostprocessing = 0;
		};
		DC3C302A1CAB6AB60070BCB1 /* Sources */ = {
			isa = PBXSourcesBuildPhase;
			buildActionMask = 2147483647;
			files = (
				DC3C30331CAB6AB60070BCB1 /* LogStoryTests.m in Sources */,
			);
			runOnlyForDeploymentPostprocessing = 0;
		};
		DC3C30351CAB6AB60070BCB1 /* Sources */ = {
			isa = PBXSourcesBuildPhase;
			buildActionMask = 2147483647;
			files = (
				DC3C303E1CAB6AB60070BCB1 /* LogStoryUITests.m in Sources */,
			);
			runOnlyForDeploymentPostprocessing = 0;
		};
/* End PBXSourcesBuildPhase section */

/* Begin PBXTargetDependency section */
		DC3C30301CAB6AB60070BCB1 /* PBXTargetDependency */ = {
			isa = PBXTargetDependency;
			target = DC3C301A1CAB6AB60070BCB1 /* LogStory */;
			targetProxy = DC3C302F1CAB6AB60070BCB1 /* PBXContainerItemProxy */;
		};
		DC3C303B1CAB6AB60070BCB1 /* PBXTargetDependency */ = {
			isa = PBXTargetDependency;
			target = DC3C301A1CAB6AB60070BCB1 /* LogStory */;
			targetProxy = DC3C303A1CAB6AB60070BCB1 /* PBXContainerItemProxy */;
		};
/* End PBXTargetDependency section */

/* Begin XCBuildConfiguration section */
		DC3C30401CAB6AB60070BCB1 /* Debug */ = {
			isa = XCBuildConfiguration;
			buildSettings = {
				ALWAYS_SEARCH_USER_PATHS = NO;
				CLANG_CXX_LANGUAGE_STANDARD = "gnu++0x";
				CLANG_CXX_LIBRARY = "libc++";
				CLANG_ENABLE_MODULES = YES;
				CLANG_ENABLE_OBJC_ARC = YES;
				CLANG_WARN_BOOL_CONVERSION = YES;
				CLANG_WARN_CONSTANT_CONVERSION = YES;
				CLANG_WARN_DIRECT_OBJC_ISA_USAGE = YES_ERROR;
				CLANG_WARN_EMPTY_BODY = YES;
				CLANG_WARN_ENUM_CONVERSION = YES;
				CLANG_WARN_INT_CONVERSION = YES;
				CLANG_WARN_OBJC_ROOT_CLASS = YES_ERROR;
				CLANG_WARN_UNREACHABLE_CODE = YES;
				CLANG_WARN__DUPLICATE_METHOD_MATCH = YES;
				CODE_SIGN_IDENTITY = "-";
				COPY_PHASE_STRIP = NO;
				DEBUG_INFORMATION_FORMAT = dwarf;
				ENABLE_STRICT_OBJC_MSGSEND = YES;
				ENABLE_TESTABILITY = YES;
				GCC_C_LANGUAGE_STANDARD = gnu99;
				GCC_DYNAMIC_NO_PIC = NO;
				GCC_NO_COMMON_BLOCKS = YES;
				GCC_OPTIMIZATION_LEVEL = 0;
				GCC_PREPROCESSOR_DEFINITIONS = (
					"DEBUG=1",
					"$(inherited)",
				);
				GCC_WARN_64_TO_32_BIT_CONVERSION = YES;
				GCC_WARN_ABOUT_RETURN_TYPE = YES_ERROR;
				GCC_WARN_UNDECLARED_SELECTOR = YES;
				GCC_WARN_UNINITIALIZED_AUTOS = YES_AGGRESSIVE;
				GCC_WARN_UNUSED_FUNCTION = YES;
				GCC_WARN_UNUSED_VARIABLE = YES;
				MACOSX_DEPLOYMENT_TARGET = 10.11;
				MTL_ENABLE_DEBUG_INFO = YES;
				ONLY_ACTIVE_ARCH = YES;
				SDKROOT = macosx;
			};
			name = Debug;
		};
		DC3C30411CAB6AB60070BCB1 /* Release */ = {
			isa = XCBuildConfiguration;
			buildSettings = {
				ALWAYS_SEARCH_USER_PATHS = NO;
				CLANG_CXX_LANGUAGE_STANDARD = "gnu++0x";
				CLANG_CXX_LIBRARY = "libc++";
				CLANG_ENABLE_MODULES = YES;
				CLANG_ENABLE_OBJC_ARC = YES;
				CLANG_WARN_BOOL_CONVERSION = YES;
				CLANG_WARN_CONSTANT_CONVERSION = YES;
				CLANG_WARN_DIRECT_OBJC_ISA_USAGE = YES_ERROR;
				CLANG_WARN_EMPTY_BODY = YES;
				CLANG_WARN_ENUM_CONVERSION = YES;
				CLANG_WARN_INT_CONVERSION = YES;
				CLANG_WARN_OBJC_ROOT_CLASS = YES_ERROR;
				CLANG_WARN_UNREACHABLE_CODE = YES;
				CLANG_WARN__DUPLICATE_METHOD_MATCH = YES;
				CODE_SIGN_IDENTITY = "-";
				COPY_PHASE_STRIP = NO;
				DEBUG_INFORMATION_FORMAT = "dwarf-with-dsym";
				ENABLE_NS_ASSERTIONS = NO;
				ENABLE_STRICT_OBJC_MSGSEND = YES;
				GCC_C_LANGUAGE_STANDARD = gnu99;
				GCC_NO_COMMON_BLOCKS = YES;
				GCC_WARN_64_TO_32_BIT_CONVERSION = YES;
				GCC_WARN_ABOUT_RETURN_TYPE = YES_ERROR;
				GCC_WARN_UNDECLARED_SELECTOR = YES;
				GCC_WARN_UNINITIALIZED_AUTOS = YES_AGGRESSIVE;
				GCC_WARN_UNUSED_FUNCTION = YES;
				GCC_WARN_UNUSED_VARIABLE = YES;
				MACOSX_DEPLOYMENT_TARGET = 10.11;
				MTL_ENABLE_DEBUG_INFO = NO;
				SDKROOT = macosx;
			};
			name = Release;
		};
		DC3C30431CAB6AB60070BCB1 /* Debug */ = {
			isa = XCBuildConfiguration;
			buildSettings = {
				ASSETCATALOG_COMPILER_APPICON_NAME = AppIcon;
				COMBINE_HIDPI_IMAGES = YES;
				INFOPLIST_FILE = LogStory/Info.plist;
				LD_RUNPATH_SEARCH_PATHS = "$(inherited) @executable_path/../Frameworks";
				PRODUCT_BUNDLE_IDENTIFIER = "G-F.LogStory";
				PRODUCT_NAME = "$(TARGET_NAME)";
			};
			name = Debug;
		};
		DC3C30441CAB6AB60070BCB1 /* Release */ = {
			isa = XCBuildConfiguration;
			buildSettings = {
				ASSETCATALOG_COMPILER_APPICON_NAME = AppIcon;
				COMBINE_HIDPI_IMAGES = YES;
				INFOPLIST_FILE = LogStory/Info.plist;
				LD_RUNPATH_SEARCH_PATHS = "$(inherited) @executable_path/../Frameworks";
				PRODUCT_BUNDLE_IDENTIFIER = "G-F.LogStory";
				PRODUCT_NAME = "$(TARGET_NAME)";
			};
			name = Release;
		};
		DC3C30461CAB6AB60070BCB1 /* Debug */ = {
			isa = XCBuildConfiguration;
			buildSettings = {
				BUNDLE_LOADER = "$(TEST_HOST)";
				COMBINE_HIDPI_IMAGES = YES;
				INFOPLIST_FILE = LogStoryTests/Info.plist;
				LD_RUNPATH_SEARCH_PATHS = "$(inherited) @executable_path/../Frameworks @loader_path/../Frameworks";
				PRODUCT_BUNDLE_IDENTIFIER = "G-F.LogStoryTests";
				PRODUCT_NAME = "$(TARGET_NAME)";
				TEST_HOST = "$(BUILT_PRODUCTS_DIR)/LogStory.app/Contents/MacOS/LogStory";
			};
			name = Debug;
		};
		DC3C30471CAB6AB60070BCB1 /* Release */ = {
			isa = XCBuildConfiguration;
			buildSettings = {
				BUNDLE_LOADER = "$(TEST_HOST)";
				COMBINE_HIDPI_IMAGES = YES;
				INFOPLIST_FILE = LogStoryTests/Info.plist;
				LD_RUNPATH_SEARCH_PATHS = "$(inherited) @executable_path/../Frameworks @loader_path/../Frameworks";
				PRODUCT_BUNDLE_IDENTIFIER = "G-F.LogStoryTests";
				PRODUCT_NAME = "$(TARGET_NAME)";
				TEST_HOST = "$(BUILT_PRODUCTS_DIR)/LogStory.app/Contents/MacOS/LogStory";
			};
			name = Release;
		};
		DC3C30491CAB6AB60070BCB1 /* Debug */ = {
			isa = XCBuildConfiguration;
			buildSettings = {
				COMBINE_HIDPI_IMAGES = YES;
				INFOPLIST_FILE = LogStoryUITests/Info.plist;
				LD_RUNPATH_SEARCH_PATHS = "$(inherited) @executable_path/../Frameworks @loader_path/../Frameworks";
				PRODUCT_BUNDLE_IDENTIFIER = "G-F.LogStoryUITests";
				PRODUCT_NAME = "$(TARGET_NAME)";
				TEST_TARGET_NAME = LogStory;
				USES_XCTRUNNER = YES;
			};
			name = Debug;
		};
		DC3C304A1CAB6AB60070BCB1 /* Release */ = {
			isa = XCBuildConfiguration;
			buildSettings = {
				COMBINE_HIDPI_IMAGES = YES;
				INFOPLIST_FILE = LogStoryUITests/Info.plist;
				LD_RUNPATH_SEARCH_PATHS = "$(inherited) @executable_path/../Frameworks @loader_path/../Frameworks";
				PRODUCT_BUNDLE_IDENTIFIER = "G-F.LogStoryUITests";
				PRODUCT_NAME = "$(TARGET_NAME)";
				TEST_TARGET_NAME = LogStory;
				USES_XCTRUNNER = YES;
			};
			name = Release;
		};
/* End XCBuildConfiguration section */

/* Begin XCConfigurationList section */
		DC3C30161CAB6AB60070BCB1 /* Build configuration list for PBXProject "LogStory" */ = {
			isa = XCConfigurationList;
			buildConfigurations = (
				DC3C30401CAB6AB60070BCB1 /* Debug */,
				DC3C30411CAB6AB60070BCB1 /* Release */,
			);
			defaultConfigurationIsVisible = 0;
			defaultConfigurationName = Release;
		};
		DC3C30421CAB6AB60070BCB1 /* Build configuration list for PBXNativeTarget "LogStory" */ = {
			isa = XCConfigurationList;
			buildConfigurations = (
				DC3C30431CAB6AB60070BCB1 /* Debug */,
				DC3C30441CAB6AB60070BCB1 /* Release */,
			);
			defaultConfigurationIsVisible = 0;
			defaultConfigurationName = Release;
		};
		DC3C30451CAB6AB60070BCB1 /* Build configuration list for PBXNativeTarget "LogStoryTests" */ = {
			isa = XCConfigurationList;
			buildConfigurations = (
				DC3C30461CAB6AB60070BCB1 /* Debug */,
				DC3C30471CAB6AB60070BCB1 /* Release */,
			);
			defaultConfigurationIsVisible = 0;
			defaultConfigurationName = Release;
		};
		DC3C30481CAB6AB60070BCB1 /* Build configuration list for PBXNativeTarget "LogStoryUITests" */ = {
			isa = XCConfigurationList;
			buildConfigurations = (
				DC3C30491CAB6AB60070BCB1 /* Debug */,
				DC3C304A1CAB6AB60070BCB1 /* Release */,
			);
			defaultConfigurationIsVisible = 0;
			defaultConfigurationName = Release;
		};
/* End XCConfigurationList section */
	};
	rootObject = DC3C30131CAB6AB60070BCB1 /* Project object */;
}
